<?xml version="1.0" encoding="utf-8"?>
<Project ToolsVersion="4.0" xmlns="http://schemas.microsoft.com/developer/msbuild/2003">
  <ItemGroup>
    <None Include="..\..\include\AABB.inl">
      <Filter>include</Filter>
    </None>
    <None Include="..\..\include\LineSetToSequentialLineSet.inl">
      <Filter>include</Filter>
    </None>
    <None Include="..\..\include\MgcDelaunay2D.inl">
      <Filter>include</Filter>
    </None>
    <None Include="..\..\include\MultiGV.inl">
      <Filter>include</Filter>
    </None>
    <None Include="..\..\include\PrimitiveGeoVec.inl">
      <Filter>include</Filter>
    </None>
    <None Include="..\..\include\sVector.inl">
      <Filter>include</Filter>
    </None>
    <None Include="..\..\src\geometrycore.dsp">
      <Filter>src</Filter>
    </None>
    <None Include="..\..\src\SurfaceQuadTrimmer2.cpp___">
      <Filter>src</Filter>
    </None>
    <None Include="..\..\include\LineCast.inl">
      <Filter>include</Filter>
    </None>
    <None Include="..\..\include\QdrEqSolver.inl">
      <Filter>include</Filter>
    </None>
    <None Include="..\..\include\ToolCircle.inl">
      <Filter>include</Filter>
    </None>
    <None Include="..\..\include\ToolLine.inl">
      <Filter>include</Filter>
    </None>
    <None Include="..\..\include\ToolPrimMaker.inl">
      <Filter>include</Filter>
    </None>
    <None Include="..\..\include\ToolVerticalLine.inl">
      <Filter>include</Filter>
    </None>
    <None Include="..\..\include\vTool.inl">
      <Filter>include</Filter>
    </None>
  </ItemGroup>
  <ItemGroup>
    <Filter Include="include">
      <UniqueIdentifier>{6c1e2405-d59c-4951-8b8a-1e07b08dac3d}</UniqueIdentifier>
    </Filter>
    <Filter Include="src">
      <UniqueIdentifier>{922e3920-ee00-4d86-a9f1-173fd2a93c78}</UniqueIdentifier>
    </Filter>
  </ItemGroup>
  <ItemGroup>
    <ClInclude Include="..\..\include\AABB.h">
      <Filter>include</Filter>
    </ClInclude>
    <ClInclude Include="..\..\include\AnalyzeSurface.h">
      <Filter>include</Filter>
    </ClInclude>
    <ClInclude Include="..\..\include\AngleSupport.h">
      <Filter>include</Filter>
    </ClInclude>
    <ClInclude Include="..\..\include\Arc.h">
      <Filter>include</Filter>
    </ClInclude>
    <ClInclude Include="..\..\include\ArcFit.h">
      <Filter>include</Filter>
    </ClInclude>
    <ClInclude Include="..\..\include\ArcPointGenerator.h">
      <Filter>include</Filter>
    </ClInclude>
    <ClInclude Include="..\..\include\BasicDef.h">
      <Filter>include</Filter>
    </ClInclude>
    <ClInclude Include="..\..\include\BasicDefinitions.h">
      <Filter>include</Filter>
    </ClInclude>
    <ClInclude Include="..\..\include\BasicGeoIntr2dUI.h">
      <Filter>include</Filter>
    </ClInclude>
    <ClInclude Include="..\..\include\BasicGeoIntrUI.h">
      <Filter>include</Filter>
    </ClInclude>
    <ClInclude Include="..\..\include\BasicLineFunctions.h">
      <Filter>include</Filter>
    </ClInclude>
    <ClInclude Include="..\..\include\BasicLineFunctions2d.h">
      <Filter>include</Filter>
    </ClInclude>
    <ClInclude Include="..\..\include\Bifstream.h">
      <Filter>include</Filter>
    </ClInclude>
    <ClInclude Include="..\..\include\Bofstream.h">
      <Filter>include</Filter>
    </ClInclude>
    <ClInclude Include="..\..\include\Boundary.h">
      <Filter>include</Filter>
    </ClInclude>
    <ClInclude Include="..\..\include\BoundedSurface.h">
      <Filter>include</Filter>
    </ClInclude>
    <ClInclude Include="..\..\include\BoundingBox.h">
      <Filter>include</Filter>
    </ClInclude>
    <ClInclude Include="..\..\include\BoundingBox2TriMesh.h">
      <Filter>include</Filter>
    </ClInclude>
    <ClInclude Include="..\..\include\BspLine2d.h">
      <Filter>include</Filter>
    </ClInclude>
    <ClInclude Include="..\..\include\BSplineControlPoints.h">
      <Filter>include</Filter>
    </ClInclude>
    <ClInclude Include="..\..\include\BSplineCurve.h">
      <Filter>include</Filter>
    </ClInclude>
    <ClInclude Include="..\..\include\BSplineCurveDegree1.h">
      <Filter>include</Filter>
    </ClInclude>
    <ClInclude Include="..\..\include\BSplineCurvePointGenerator.h">
      <Filter>include</Filter>
    </ClInclude>
    <ClInclude Include="..\..\include\BSplineKnots.h">
      <Filter>include</Filter>
    </ClInclude>
    <ClInclude Include="..\..\include\BSplineM.h">
      <Filter>include</Filter>
    </ClInclude>
    <ClInclude Include="..\..\include\BSplineM3.h">
      <Filter>include</Filter>
    </ClInclude>
    <ClInclude Include="..\..\include\BSplineM4.h">
      <Filter>include</Filter>
    </ClInclude>
    <ClInclude Include="..\..\include\BSplineN.h">
      <Filter>include</Filter>
    </ClInclude>
    <ClInclude Include="..\..\include\BSplineNFormer.h">
      <Filter>include</Filter>
    </ClInclude>
    <ClInclude Include="..\..\include\BSplineNSet.h">
      <Filter>include</Filter>
    </ClInclude>
    <ClInclude Include="..\..\include\BSplineSurface.h">
      <Filter>include</Filter>
    </ClInclude>
    <ClInclude Include="..\..\include\BSplineSurfacePointGenerator.h">
      <Filter>include</Filter>
    </ClInclude>
    <ClInclude Include="..\..\include\BSplineSurfacePointGenerator2.h">
      <Filter>include</Filter>
    </ClInclude>
    <ClInclude Include="..\..\include\BSplineWeights.h">
      <Filter>include</Filter>
    </ClInclude>
    <ClInclude Include="..\..\include\BspTest.h">
      <Filter>include</Filter>
    </ClInclude>
    <ClInclude Include="..\..\include\BspToConvexLoops.h">
      <Filter>include</Filter>
    </ClInclude>
    <ClInclude Include="..\..\include\BspTree.h">
      <Filter>include</Filter>
    </ClInclude>
    <ClInclude Include="..\..\include\BspTreeBooleanOp.h">
      <Filter>include</Filter>
    </ClInclude>
    <ClInclude Include="..\..\include\BspTreeConstructor.h">
      <Filter>include</Filter>
    </ClInclude>
    <ClInclude Include="..\..\include\BspTreeToConvexLineGroups.h">
      <Filter>include</Filter>
    </ClInclude>
    <ClInclude Include="..\..\include\BspTreeToLineSet2d.h">
      <Filter>include</Filter>
    </ClInclude>
    <ClInclude Include="..\..\include\BspTriangleIntersection.h">
      <Filter>include</Filter>
    </ClInclude>
    <ClInclude Include="..\..\include\CalcMeshByDelaunay2D.h">
      <Filter>include</Filter>
    </ClInclude>
    <ClInclude Include="..\..\include\Camera.h">
      <Filter>include</Filter>
    </ClInclude>
    <ClInclude Include="..\..\include\CastIf.h">
      <Filter>include</Filter>
    </ClInclude>
    <ClInclude Include="..\..\include\CmnBase.h">
      <Filter>include</Filter>
    </ClInclude>
    <ClInclude Include="..\..\include\ColorDefinition.h">
      <Filter>include</Filter>
    </ClInclude>
    <ClInclude Include="..\..\include\CompositeCurve.h">
      <Filter>include</Filter>
    </ClInclude>
    <ClInclude Include="..\..\include\CompositeCurvePointGenerator.h">
      <Filter>include</Filter>
    </ClInclude>
    <ClInclude Include="..\..\include\ConicArc.h">
      <Filter>include</Filter>
    </ClInclude>
    <ClInclude Include="..\..\include\ConicArcPointGenerator.h">
      <Filter>include</Filter>
    </ClInclude>
    <ClInclude Include="..\..\include\ContourCCWCheck.h">
      <Filter>include</Filter>
    </ClInclude>
    <ClInclude Include="..\..\include\ContourOffseter.h">
      <Filter>include</Filter>
    </ClInclude>
    <ClInclude Include="..\..\include\CoordinateSystem.h">
      <Filter>include</Filter>
    </ClInclude>
    <ClInclude Include="..\..\include\CoordSystemDisplay.h">
      <Filter>include</Filter>
    </ClInclude>
    <ClInclude Include="..\..\include\CopiousData.h">
      <Filter>include</Filter>
    </ClInclude>
    <ClInclude Include="..\..\include\CopiousDataFactory.h">
      <Filter>include</Filter>
    </ClInclude>
    <ClInclude Include="..\..\include\CopiousDataPointGenerator.h">
      <Filter>include</Filter>
    </ClInclude>
    <ClInclude Include="..\..\include\Copy of BoundingBox2TriMesh.h">
      <Filter>include</Filter>
    </ClInclude>
    <ClInclude Include="..\..\include\CopyList.h">
      <Filter>include</Filter>
    </ClInclude>
    <ClInclude Include="..\..\include\CurveOnParametricSurface.h">
      <Filter>include</Filter>
    </ClInclude>
    <ClInclude Include="..\..\include\CurvePointGenerator.h">
      <Filter>include</Filter>
    </ClInclude>
    <ClInclude Include="..\..\include\CurvePointGeneratorFactory.h">
      <Filter>include</Filter>
    </ClInclude>
    <ClInclude Include="..\..\include\CurveSpace.h">
      <Filter>include</Filter>
    </ClInclude>
    <ClInclude Include="..\..\include\CylindiricalSpace.h">
      <Filter>include</Filter>
    </ClInclude>
    <ClInclude Include="..\..\include\dCompositeCurve.h">
      <Filter>include</Filter>
    </ClInclude>
    <ClInclude Include="..\..\include\dCurve.h">
      <Filter>include</Filter>
    </ClInclude>
    <ClInclude Include="..\..\include\DeBoorEvaluation.h">
      <Filter>include</Filter>
    </ClInclude>
    <ClInclude Include="..\..\include\DeBoorEvaluation2.h">
      <Filter>include</Filter>
    </ClInclude>
    <ClInclude Include="..\..\include\DeBoorEvaluation3.h">
      <Filter>include</Filter>
    </ClInclude>
    <ClInclude Include="..\..\include\DebugHelper.h">
      <Filter>include</Filter>
    </ClInclude>
    <ClInclude Include="..\..\include\DelRefMesh.h">
      <Filter>include</Filter>
    </ClInclude>
    <ClInclude Include="..\..\include\DelRefMeshTest.h">
      <Filter>include</Filter>
    </ClInclude>
    <ClInclude Include="..\..\include\dglArc.h">
      <Filter>include</Filter>
    </ClInclude>
    <ClInclude Include="..\..\include\dglLine.h">
      <Filter>include</Filter>
    </ClInclude>
    <ClInclude Include="..\..\include\DigitisedCurve.h">
      <Filter>include</Filter>
    </ClInclude>
    <ClInclude Include="..\..\include\DigitisedSurfaceSet.h">
      <Filter>include</Filter>
    </ClInclude>
    <ClInclude Include="..\..\include\DirectionEntity.h">
      <Filter>include</Filter>
    </ClInclude>
    <ClInclude Include="..\..\include\DirectoryEntry.h">
      <Filter>include</Filter>
    </ClInclude>
    <ClInclude Include="..\..\include\Display.h">
      <Filter>include</Filter>
    </ClInclude>
    <ClInclude Include="..\..\include\DistanceSupport.h">
      <Filter>include</Filter>
    </ClInclude>
    <ClInclude Include="..\..\include\DosyaPaketleme.h">
      <Filter>include</Filter>
    </ClInclude>
    <ClInclude Include="..\..\include\DoubleList.h">
      <Filter>include</Filter>
    </ClInclude>
    <ClInclude Include="..\..\include\DoubleVec.h">
      <Filter>include</Filter>
    </ClInclude>
    <ClInclude Include="..\..\include\DoubleVector.h">
      <Filter>include</Filter>
    </ClInclude>
    <ClInclude Include="..\..\include\DraftEntity.h">
      <Filter>include</Filter>
    </ClInclude>
    <ClInclude Include="..\..\include\DraftEntityVec.h">
      <Filter>include</Filter>
    </ClInclude>
    <ClInclude Include="..\..\include\DragItem.h">
      <Filter>include</Filter>
    </ClInclude>
    <ClInclude Include="..\..\include\DrawShapes.h">
      <Filter>include</Filter>
    </ClInclude>
    <ClInclude Include="..\..\include\dSurface.h">
      <Filter>include</Filter>
    </ClInclude>
    <ClInclude Include="..\..\include\DTable.h">
      <Filter>include</Filter>
    </ClInclude>
    <ClInclude Include="..\..\include\DTableContainer.h">
      <Filter>include</Filter>
    </ClInclude>
    <ClInclude Include="..\..\include\DTableKeyAttributes.h">
      <Filter>include</Filter>
    </ClInclude>
    <ClInclude Include="..\..\include\DTableKeys.h">
      <Filter>include</Filter>
    </ClInclude>
    <ClInclude Include="..\..\include\DTableRow.h">
      <Filter>include</Filter>
    </ClInclude>
    <ClInclude Include="..\..\include\DTValueParser.h">
      <Filter>include</Filter>
    </ClInclude>
    <ClInclude Include="..\..\include\Edge.h">
      <Filter>include</Filter>
    </ClInclude>
    <ClInclude Include="..\..\include\EllipsePointGenerator.h">
      <Filter>include</Filter>
    </ClInclude>
    <ClInclude Include="..\..\include\EntityPointer.h">
      <Filter>include</Filter>
    </ClInclude>
    <ClInclude Include="..\..\include\ExceptionLogger.h">
      <Filter>include</Filter>
    </ClInclude>
    <ClInclude Include="..\..\include\ExceptionRecord.h">
      <Filter>include</Filter>
    </ClInclude>
    <ClInclude Include="..\..\include\ExpandingTArray.h">
      <Filter>include</Filter>
    </ClInclude>
    <ClInclude Include="..\..\include\ExpandingTPointerArray.h">
      <Filter>include</Filter>
    </ClInclude>
    <ClInclude Include="..\..\include\Face.h">
      <Filter>include</Filter>
    </ClInclude>
    <ClInclude Include="..\..\include\FacetVisualAtt.h">
      <Filter>include</Filter>
    </ClInclude>
    <ClInclude Include="..\..\include\FakeSLSet.h">
      <Filter>include</Filter>
    </ClInclude>
    <ClInclude Include="..\..\include\FastArcDigitiser.h">
      <Filter>include</Filter>
    </ClInclude>
    <ClInclude Include="..\..\include\FMesh.h">
      <Filter>include</Filter>
    </ClInclude>
    <ClInclude Include="..\..\include\FolderPathContainer.h">
      <Filter>include</Filter>
    </ClInclude>
    <ClInclude Include="..\..\include\FreeCurveSet.h">
      <Filter>include</Filter>
    </ClInclude>
    <ClInclude Include="..\..\include\FTri.h">
      <Filter>include</Filter>
    </ClInclude>
    <ClInclude Include="..\..\include\Function.h">
      <Filter>include</Filter>
    </ClInclude>
    <ClInclude Include="..\..\include\GaussElemination.h">
      <Filter>include</Filter>
    </ClInclude>
    <ClInclude Include="..\..\include\GaussJordanElimination.h">
      <Filter>include</Filter>
    </ClInclude>
    <ClInclude Include="..\..\include\GeneralNote.h">
      <Filter>include</Filter>
    </ClInclude>
    <ClInclude Include="..\..\include\GenericPtrVec.h">
      <Filter>include</Filter>
    </ClInclude>
    <ClInclude Include="..\..\include\GenericVec.h">
      <Filter>include</Filter>
    </ClInclude>
    <ClInclude Include="..\..\include\GhoshItem.h">
      <Filter>include</Filter>
    </ClInclude>
    <ClInclude Include="..\..\include\GhoshMethod.h">
      <Filter>include</Filter>
    </ClInclude>
    <ClInclude Include="..\..\include\GlobalSection.h">
      <Filter>include</Filter>
    </ClInclude>
    <ClInclude Include="..\..\include\gmQuad2d.h">
      <Filter>include</Filter>
    </ClInclude>
    <ClInclude Include="..\..\include\gmQuadSet.h">
      <Filter>include</Filter>
    </ClInclude>
    <ClInclude Include="..\..\include\gmTriangleUtility.h">
      <Filter>include</Filter>
    </ClInclude>
    <ClInclude Include="..\..\include\gmVectorUtility.h">
      <Filter>include</Filter>
    </ClInclude>
    <ClInclude Include="..\..\include\GridDrawNew.h">
      <Filter>include</Filter>
    </ClInclude>
    <ClInclude Include="..\..\include\GridIntersect.h">
      <Filter>include</Filter>
    </ClInclude>
    <ClInclude Include="..\..\include\GrowingTriangles.h">
      <Filter>include</Filter>
    </ClInclude>
    <ClInclude Include="..\..\include\GUICustomize.h">
      <Filter>include</Filter>
    </ClInclude>
    <ClInclude Include="..\..\include\HalfEdge.h">
      <Filter>include</Filter>
    </ClInclude>
    <ClInclude Include="..\..\include\HandleSet.h">
      <Filter>include</Filter>
    </ClInclude>
    <ClInclude Include="..\..\include\HelicalRevolvedSection.h">
      <Filter>include</Filter>
    </ClInclude>
    <ClInclude Include="..\..\include\HelisEval.h">
      <Filter>include</Filter>
    </ClInclude>
    <ClInclude Include="..\..\include\HitRadius.h">
      <Filter>include</Filter>
    </ClInclude>
    <ClInclude Include="..\..\include\IgesEntity.h">
      <Filter>include</Filter>
    </ClInclude>
    <ClInclude Include="..\..\include\IgesEntityCopyFactory.h">
      <Filter>include</Filter>
    </ClInclude>
    <ClInclude Include="..\..\include\IgesEntitySet.h">
      <Filter>include</Filter>
    </ClInclude>
    <ClInclude Include="..\..\include\IgesEntitySet2oglTrimmedNurbs.h">
      <Filter>include</Filter>
    </ClInclude>
    <ClInclude Include="..\..\include\IgesEntitySet2oglTrimmedNurbsVec.h">
      <Filter>include</Filter>
    </ClInclude>
    <ClInclude Include="..\..\include\IgesEntityVisitor.h">
      <Filter>include</Filter>
    </ClInclude>
    <ClInclude Include="..\..\include\IgesFileRead.h">
      <Filter>include</Filter>
    </ClInclude>
    <ClInclude Include="..\..\include\IgesFileWrite.h">
      <Filter>include</Filter>
    </ClInclude>
    <ClInclude Include="..\..\include\igesTransformationMatrix.h">
      <Filter>include</Filter>
    </ClInclude>
    <ClInclude Include="..\..\include\IgesTrimLoop.h">
      <Filter>include</Filter>
    </ClInclude>
    <ClInclude Include="..\..\include\IgesTrimLoop2d.h">
      <Filter>include</Filter>
    </ClInclude>
    <ClInclude Include="..\..\include\IncDel.h">
      <Filter>include</Filter>
    </ClInclude>
    <ClInclude Include="..\..\include\IndexedFaceSetPointGenerator.h">
      <Filter>include</Filter>
    </ClInclude>
    <ClInclude Include="..\..\include\InfiniteCylinderLineIntersection.h">
      <Filter>include</Filter>
    </ClInclude>
    <ClInclude Include="..\..\include\InfiniteLinesNearestPoints.h">
      <Filter>include</Filter>
    </ClInclude>
    <ClInclude Include="..\..\include\IsInLoopTest.h">
      <Filter>include</Filter>
    </ClInclude>
    <ClInclude Include="..\..\include\LabelDisplay.h">
      <Filter>include</Filter>
    </ClInclude>
    <ClInclude Include="..\..\include\LAIntersectionResult.h">
      <Filter>include</Filter>
    </ClInclude>
    <ClInclude Include="..\..\include\LeastSquaresPlaneFit.h">
      <Filter>include</Filter>
    </ClInclude>
    <ClInclude Include="..\..\include\Light.h">
      <Filter>include</Filter>
    </ClInclude>
    <ClInclude Include="..\..\include\Lighting.h">
      <Filter>include</Filter>
    </ClInclude>
    <ClInclude Include="..\..\include\Line.h">
      <Filter>include</Filter>
    </ClInclude>
    <ClInclude Include="..\..\include\LinearEquations.h">
      <Filter>include</Filter>
    </ClInclude>
    <ClInclude Include="..\..\include\LineGroupsToPolygons.h">
      <Filter>include</Filter>
    </ClInclude>
    <ClInclude Include="..\..\include\LineIntersection.h">
      <Filter>include</Filter>
    </ClInclude>
    <ClInclude Include="..\..\include\LineIntersection2d.h">
      <Filter>include</Filter>
    </ClInclude>
    <ClInclude Include="..\..\include\LineLineMinDist.h">
      <Filter>include</Filter>
    </ClInclude>
    <ClInclude Include="..\..\include\LineOrArc.h">
      <Filter>include</Filter>
    </ClInclude>
    <ClInclude Include="..\..\include\LinePlaneRelation.h">
      <Filter>include</Filter>
    </ClInclude>
    <ClInclude Include="..\..\include\LinePointGenerator.h">
      <Filter>include</Filter>
    </ClInclude>
    <ClInclude Include="..\..\include\LinePointMinDist.h">
      <Filter>include</Filter>
    </ClInclude>
    <ClInclude Include="..\..\include\Lines.h">
      <Filter>include</Filter>
    </ClInclude>
    <ClInclude Include="..\..\include\LinesDigitiser.h">
      <Filter>include</Filter>
    </ClInclude>
    <ClInclude Include="..\..\include\LineSet.h">
      <Filter>include</Filter>
    </ClInclude>
    <ClInclude Include="..\..\include\LineSet2d.h">
      <Filter>include</Filter>
    </ClInclude>
    <ClInclude Include="..\..\include\LineSet2d2SequentialLineSet2d.h">
      <Filter>include</Filter>
    </ClInclude>
    <ClInclude Include="..\..\include\LineSet2SequentialLineSet.h">
      <Filter>include</Filter>
    </ClInclude>
    <ClInclude Include="..\..\include\LineSetPointMinDist.h">
      <Filter>include</Filter>
    </ClInclude>
    <ClInclude Include="..\..\include\LineSetsMinDist.h">
      <Filter>include</Filter>
    </ClInclude>
    <ClInclude Include="..\..\include\LineSetToBSplineCurve.h">
      <Filter>include</Filter>
    </ClInclude>
    <ClInclude Include="..\..\include\LineSetToSequentialLineSet.h">
      <Filter>include</Filter>
    </ClInclude>
    <ClInclude Include="..\..\include\LineVisualAtt.h">
      <Filter>include</Filter>
    </ClInclude>
    <ClInclude Include="..\..\include\ListSerializer.h">
      <Filter>include</Filter>
    </ClInclude>
    <ClInclude Include="..\..\include\LocalGaussWeightedAvarageFilter.h">
      <Filter>include</Filter>
    </ClInclude>
    <ClInclude Include="..\..\include\LogFileWriter.h">
      <Filter>include</Filter>
    </ClInclude>
    <ClInclude Include="..\..\include\LongVec.h">
      <Filter>include</Filter>
    </ClInclude>
    <ClInclude Include="..\..\include\Loop.h">
      <Filter>include</Filter>
    </ClInclude>
    <ClInclude Include="..\..\include\LoopLineInt.h">
      <Filter>include</Filter>
    </ClInclude>
    <ClInclude Include="..\..\include\LoopsLinker.h">
      <Filter>include</Filter>
    </ClInclude>
    <ClInclude Include="..\..\include\LoopSort.h">
      <Filter>include</Filter>
    </ClInclude>
    <ClInclude Include="..\..\include\LoopTriangleIntersection.h">
      <Filter>include</Filter>
    </ClInclude>
    <ClInclude Include="..\..\include\LTable.h">
      <Filter>include</Filter>
    </ClInclude>
    <ClInclude Include="..\..\include\MapSerializerCore.h">
      <Filter>include</Filter>
    </ClInclude>
    <ClInclude Include="..\..\include\MaterialLight.h">
      <Filter>include</Filter>
    </ClInclude>
    <ClInclude Include="..\..\include\Matrix.h">
      <Filter>include</Filter>
    </ClInclude>
    <ClInclude Include="..\..\include\MedianFilter.h">
      <Filter>include</Filter>
    </ClInclude>
    <ClInclude Include="..\..\include\MgcDelaunay2D.h">
      <Filter>include</Filter>
    </ClInclude>
    <ClInclude Include="..\..\include\MinDistUI.h">
      <Filter>include</Filter>
    </ClInclude>
    <ClInclude Include="..\..\include\MinkowskiSum.h">
      <Filter>include</Filter>
    </ClInclude>
    <ClInclude Include="..\..\include\MirrorMatrix.h">
      <Filter>include</Filter>
    </ClInclude>
    <ClInclude Include="..\..\include\Model.h">
      <Filter>include</Filter>
    </ClInclude>
    <ClInclude Include="..\..\include\ModelID.h">
      <Filter>include</Filter>
    </ClInclude>
    <ClInclude Include="..\..\include\ModelList.h">
      <Filter>include</Filter>
    </ClInclude>
    <ClInclude Include="..\..\include\ModelOrientation.h">
      <Filter>include</Filter>
    </ClInclude>
    <ClInclude Include="..\..\include\ModelSelectionFilters.h">
      <Filter>include</Filter>
    </ClInclude>
    <ClInclude Include="..\..\include\ModifyFile.h">
      <Filter>include</Filter>
    </ClInclude>
    <ClInclude Include="..\..\include\Mouse.h">
      <Filter>include</Filter>
    </ClInclude>
    <ClInclude Include="..\..\include\MoveMatrix.h">
      <Filter>include</Filter>
    </ClInclude>
    <ClInclude Include="..\..\include\MsgText.h">
      <Filter>include</Filter>
    </ClInclude>
    <ClInclude Include="..\..\include\MultiGV.h">
      <Filter>include</Filter>
    </ClInclude>
    <ClInclude Include="..\..\include\MultiLines.h">
      <Filter>include</Filter>
    </ClInclude>
    <ClInclude Include="..\..\include\MultiObjectLabeler.h">
      <Filter>include</Filter>
    </ClInclude>
    <ClInclude Include="..\..\include\MultiPointGeneratorForCompositeCurve.h">
      <Filter>include</Filter>
    </ClInclude>
    <ClInclude Include="..\..\include\MultiPoints.h">
      <Filter>include</Filter>
    </ClInclude>
    <ClInclude Include="..\..\include\MultiTextToPointsObject.h">
      <Filter>include</Filter>
    </ClInclude>
    <ClInclude Include="..\..\include\MultiTriangles.h">
      <Filter>include</Filter>
    </ClInclude>
    <ClInclude Include="..\..\include\MultiTrianglesSectionMaker.h">
      <Filter>include</Filter>
    </ClInclude>
    <ClInclude Include="..\..\include\NameList.h">
      <Filter>include</Filter>
    </ClInclude>
    <ClInclude Include="..\..\include\NewtonRaphson.h">
      <Filter>include</Filter>
    </ClInclude>
    <ClInclude Include="..\..\include\NFPForOpenContours.h">
      <Filter>include</Filter>
    </ClInclude>
    <ClInclude Include="..\..\include\NullEntity.h">
      <Filter>include</Filter>
    </ClInclude>
    <ClInclude Include="..\..\include\NurbsBlendFunc.h">
      <Filter>include</Filter>
    </ClInclude>
    <ClInclude Include="..\..\include\NurbsControlPoints.h">
      <Filter>include</Filter>
    </ClInclude>
    <ClInclude Include="..\..\include\NurbsEval.h">
      <Filter>include</Filter>
    </ClInclude>
    <ClInclude Include="..\..\include\NurbsSurfControlPoints.h">
      <Filter>include</Filter>
    </ClInclude>
    <ClInclude Include="..\..\include\NurbsSurfEval.h">
      <Filter>include</Filter>
    </ClInclude>
    <ClInclude Include="..\..\include\OffsetCurvePointGenerator.h">
      <Filter>include</Filter>
    </ClInclude>
    <ClInclude Include="..\..\include\OffsetSurface.h">
      <Filter>include</Filter>
    </ClInclude>
    <ClInclude Include="..\..\include\OffsetSurfacePointGenerator.h">
      <Filter>include</Filter>
    </ClInclude>
    <ClInclude Include="..\..\include\OffsLineOrArc.h">
      <Filter>include</Filter>
    </ClInclude>
    <ClInclude Include="..\..\include\OGL_Frame.h">
      <Filter>include</Filter>
    </ClInclude>
    <ClInclude Include="..\..\include\OglConstValues.h">
      <Filter>include</Filter>
    </ClInclude>
    <ClInclude Include="..\..\include\OglMatrix.h">
      <Filter>include</Filter>
    </ClInclude>
    <ClInclude Include="..\..\include\oglNurbsCurve.h">
      <Filter>include</Filter>
    </ClInclude>
    <ClInclude Include="..\..\include\OGLNurbsSupport.h">
      <Filter>include</Filter>
    </ClInclude>
    <ClInclude Include="..\..\include\oglNurbsSurface.h">
      <Filter>include</Filter>
    </ClInclude>
    <ClInclude Include="..\..\include\OglRefMesh.h">
      <Filter>include</Filter>
    </ClInclude>
    <ClInclude Include="..\..\include\OglScreenPixelData.h">
      <Filter>include</Filter>
    </ClInclude>
    <ClInclude Include="..\..\include\OGLSelection.h">
      <Filter>include</Filter>
    </ClInclude>
    <ClInclude Include="..\..\include\OglServ.h">
      <Filter>include</Filter>
    </ClInclude>
    <ClInclude Include="..\..\include\oglTrimmedNurbs.h">
      <Filter>include</Filter>
    </ClInclude>
    <ClInclude Include="..\..\include\OglWindowData.h">
      <Filter>include</Filter>
    </ClInclude>
    <ClInclude Include="..\..\include\OperationTransform.h">
      <Filter>include</Filter>
    </ClInclude>
    <ClInclude Include="..\..\include\OperationTransformList.h">
      <Filter>include</Filter>
    </ClInclude>
    <ClInclude Include="..\..\include\OrderSequentialLineSets.h">
      <Filter>include</Filter>
    </ClInclude>
    <ClInclude Include="..\..\include\Output.h">
      <Filter>include</Filter>
    </ClInclude>
    <ClInclude Include="..\..\include\ParametricSpline.h">
      <Filter>include</Filter>
    </ClInclude>
    <ClInclude Include="..\..\include\ParametricSplinePointGenerator.h">
      <Filter>include</Filter>
    </ClInclude>
    <ClInclude Include="..\..\include\ParametricSplineSurface.h">
      <Filter>include</Filter>
    </ClInclude>
    <ClInclude Include="..\..\include\ParametricSplineSurfacePointGenerator.h">
      <Filter>include</Filter>
    </ClInclude>
    <ClInclude Include="..\..\include\PartitionLine.h">
      <Filter>include</Filter>
    </ClInclude>
    <ClInclude Include="..\..\include\PathCalc2D.h">
      <Filter>include</Filter>
    </ClInclude>
    <ClInclude Include="..\..\include\PathStringFunctions.h">
      <Filter>include</Filter>
    </ClInclude>
    <ClInclude Include="..\..\include\PeriodicOpenBSplineCurve.h">
      <Filter>include</Filter>
    </ClInclude>
    <ClInclude Include="..\..\include\Perspective.h">
      <Filter>include</Filter>
    </ClInclude>
    <ClInclude Include="..\..\include\PlanarCurveToLineOrArcs.h">
      <Filter>include</Filter>
    </ClInclude>
    <ClInclude Include="..\..\include\PlaneEntity.h">
      <Filter>include</Filter>
    </ClInclude>
    <ClInclude Include="..\..\include\PlaneEntityPointGenerator.h">
      <Filter>include</Filter>
    </ClInclude>
    <ClInclude Include="..\..\include\PlaneSurface.h">
      <Filter>include</Filter>
    </ClInclude>
    <ClInclude Include="..\..\include\PlaneSurfacePointGenerator.h">
      <Filter>include</Filter>
    </ClInclude>
    <ClInclude Include="..\..\include\Point.h">
      <Filter>include</Filter>
    </ClInclude>
    <ClInclude Include="..\..\include\PointGrid.h">
      <Filter>include</Filter>
    </ClInclude>
    <ClInclude Include="..\..\include\PointList.h">
      <Filter>include</Filter>
    </ClInclude>
    <ClInclude Include="..\..\include\PointList2d.h">
      <Filter>include</Filter>
    </ClInclude>
    <ClInclude Include="..\..\include\PointMatrix.h">
      <Filter>include</Filter>
    </ClInclude>
    <ClInclude Include="..\..\include\Points.h">
      <Filter>include</Filter>
    </ClInclude>
    <ClInclude Include="..\..\include\PointSet.h">
      <Filter>include</Filter>
    </ClInclude>
    <ClInclude Include="..\..\include\PointSet2d.h">
      <Filter>include</Filter>
    </ClInclude>
    <ClInclude Include="..\..\include\PointSet2LineSet.h">
      <Filter>include</Filter>
    </ClInclude>
    <ClInclude Include="..\..\include\PointVisualAtt.h">
      <Filter>include</Filter>
    </ClInclude>
    <ClInclude Include="..\..\include\PolarCalc.h">
      <Filter>include</Filter>
    </ClInclude>
    <ClInclude Include="..\..\include\PolarCalc2d.h">
      <Filter>include</Filter>
    </ClInclude>
    <ClInclude Include="..\..\include\PolarPoint2d.h">
      <Filter>include</Filter>
    </ClInclude>
    <ClInclude Include="..\..\include\Polyg.h">
      <Filter>include</Filter>
    </ClInclude>
    <ClInclude Include="..\..\include\PolygonToTriangles.h">
      <Filter>include</Filter>
    </ClInclude>
    <ClInclude Include="..\..\include\PosCubes.h">
      <Filter>include</Filter>
    </ClInclude>
    <ClInclude Include="..\..\include\PosCubes2d.h">
      <Filter>include</Filter>
    </ClInclude>
    <ClInclude Include="..\..\include\PosCubesVisualiser.h">
      <Filter>include</Filter>
    </ClInclude>
    <ClInclude Include="..\..\include\PrimitiveGeoVec.h">
      <Filter>include</Filter>
    </ClInclude>
    <ClInclude Include="..\..\include\ProcessedBoundedSurface.h">
      <Filter>include</Filter>
    </ClInclude>
    <ClInclude Include="..\..\include\ProcessedFace.h">
      <Filter>include</Filter>
    </ClInclude>
    <ClInclude Include="..\..\include\ProcessedTabulatedCylinder.h">
      <Filter>include</Filter>
    </ClInclude>
    <ClInclude Include="..\..\include\ProcessedTrimmedSurface.h">
      <Filter>include</Filter>
    </ClInclude>
    <ClInclude Include="..\..\include\ProcessLine.h">
      <Filter>include</Filter>
    </ClInclude>
    <ClInclude Include="..\..\include\ProjectionMatrix.h">
      <Filter>include</Filter>
    </ClInclude>
    <ClInclude Include="..\..\include\PrsNurbsCurveConvert.h">
      <Filter>include</Filter>
    </ClInclude>
    <ClInclude Include="..\..\include\PViewEl.h">
      <Filter>include</Filter>
    </ClInclude>
    <ClInclude Include="..\..\include\QuadPointGenerator.h">
      <Filter>include</Filter>
    </ClInclude>
    <ClInclude Include="..\..\include\QuadraticEquation.h">
      <Filter>include</Filter>
    </ClInclude>
    <ClInclude Include="..\..\include\Quat.h">
      <Filter>include</Filter>
    </ClInclude>
    <ClInclude Include="..\..\include\QueryVisible.h">
      <Filter>include</Filter>
    </ClInclude>
    <ClInclude Include="..\..\include\RectangleSpace.h">
      <Filter>include</Filter>
    </ClInclude>
    <ClInclude Include="..\..\include\RefLine.h">
      <Filter>include</Filter>
    </ClInclude>
    <ClInclude Include="..\..\include\RefLineSet.h">
      <Filter>include</Filter>
    </ClInclude>
    <ClInclude Include="..\..\include\RefTriangle.h">
      <Filter>include</Filter>
    </ClInclude>
    <ClInclude Include="..\..\include\RefTriangleMesh.h">
      <Filter>include</Filter>
    </ClInclude>
    <ClInclude Include="..\..\include\RefTriangleSplitter.h">
      <Filter>include</Filter>
    </ClInclude>
    <ClInclude Include="..\..\include\RemoteIfstream.h">
      <Filter>include</Filter>
    </ClInclude>
    <ClInclude Include="..\..\include\RemoteOfstream.h">
      <Filter>include</Filter>
    </ClInclude>
    <ClInclude Include="..\..\include\ReorientMatrix.h">
      <Filter>include</Filter>
    </ClInclude>
    <ClInclude Include="..\..\include\RightCircularConicalSurface.h">
      <Filter>include</Filter>
    </ClInclude>
    <ClInclude Include="..\..\include\RightCircularCylindricalSurface.h">
      <Filter>include</Filter>
    </ClInclude>
    <ClInclude Include="..\..\include\RightConicalSurfacePointGenerator.h">
      <Filter>include</Filter>
    </ClInclude>
    <ClInclude Include="..\..\include\RightCylindricalSurfacePointGenerator.h">
      <Filter>include</Filter>
    </ClInclude>
    <ClInclude Include="..\..\include\RotationMatrix.h">
      <Filter>include</Filter>
    </ClInclude>
    <ClInclude Include="..\..\include\RoughPolarP2d.h">
      <Filter>include</Filter>
    </ClInclude>
    <ClInclude Include="..\..\include\RoughPolarPSet2d.h">
      <Filter>include</Filter>
    </ClInclude>
    <ClInclude Include="..\..\include\RuledSurface.h">
      <Filter>include</Filter>
    </ClInclude>
    <ClInclude Include="..\..\include\RuledSurfacePointGenerator.h">
      <Filter>include</Filter>
    </ClInclude>
    <ClInclude Include="..\..\include\ScaleMatrix.h">
      <Filter>include</Filter>
    </ClInclude>
    <ClInclude Include="..\..\include\SegmentationParameters.h">
      <Filter>include</Filter>
    </ClInclude>
    <ClInclude Include="..\..\include\SelectableTypes.h">
      <Filter>include</Filter>
    </ClInclude>
    <ClInclude Include="..\..\include\SelectableTypesVector.h">
      <Filter>include</Filter>
    </ClInclude>
    <ClInclude Include="..\..\include\Selection.h">
      <Filter>include</Filter>
    </ClInclude>
    <ClInclude Include="..\..\include\SelectionFlags.h">
      <Filter>include</Filter>
    </ClInclude>
    <ClInclude Include="..\..\include\SelectionInfo.h">
      <Filter>include</Filter>
    </ClInclude>
    <ClInclude Include="..\..\include\SeqLinesOffset.h">
      <Filter>include</Filter>
    </ClInclude>
    <ClInclude Include="..\..\include\SequentialLineSet.h">
      <Filter>include</Filter>
    </ClInclude>
    <ClInclude Include="..\..\include\SequentialLineSet2d.h">
      <Filter>include</Filter>
    </ClInclude>
    <ClInclude Include="..\..\include\SequentialLinesSubset.h">
      <Filter>include</Filter>
    </ClInclude>
    <ClInclude Include="..\..\include\Serialized.h">
      <Filter>include</Filter>
    </ClInclude>
    <ClInclude Include="..\..\include\Serializer.h">
      <Filter>include</Filter>
    </ClInclude>
    <ClInclude Include="..\..\include\SerializeVector.h">
      <Filter>include</Filter>
    </ClInclude>
    <ClInclude Include="..\..\include\SerializeVPolygon.h">
      <Filter>include</Filter>
    </ClInclude>
    <ClInclude Include="..\..\include\SetMerger.h">
      <Filter>include</Filter>
    </ClInclude>
    <ClInclude Include="..\..\include\SilhoutteCalc.h">
      <Filter>include</Filter>
    </ClInclude>
    <ClInclude Include="..\..\include\SingularSubFigureInstance.h">
      <Filter>include</Filter>
    </ClInclude>
    <ClInclude Include="..\..\include\SnapEntities.h">
      <Filter>include</Filter>
    </ClInclude>
    <ClInclude Include="..\..\include\SolidPosCube2d.h">
      <Filter>include</Filter>
    </ClInclude>
    <ClInclude Include="..\..\include\SpaceConverter.h">
      <Filter>include</Filter>
    </ClInclude>
    <ClInclude Include="..\..\include\SphereSurfacePointGenerator.h">
      <Filter>include</Filter>
    </ClInclude>
    <ClInclude Include="..\..\include\SphericalSurface.h">
      <Filter>include</Filter>
    </ClInclude>
    <ClInclude Include="..\..\include\sPoints.h">
      <Filter>include</Filter>
    </ClInclude>
    <ClInclude Include="..\..\include\stdafx.h">
      <Filter>include</Filter>
    </ClInclude>
    <ClInclude Include="..\..\include\stdafxstd.h">
      <Filter>include</Filter>
    </ClInclude>
    <ClInclude Include="..\..\include\stdafxwin.h">
      <Filter>include</Filter>
    </ClInclude>
    <ClInclude Include="..\..\include\Stipple.h">
      <Filter>include</Filter>
    </ClInclude>
    <ClInclude Include="..\..\include\StrPool.h">
      <Filter>include</Filter>
    </ClInclude>
    <ClInclude Include="..\..\include\SubFigureDefinition.h">
      <Filter>include</Filter>
    </ClInclude>
    <ClInclude Include="..\..\include\Surface.h">
      <Filter>include</Filter>
    </ClInclude>
    <ClInclude Include="..\..\include\SurfaceBspTrimmer.h">
      <Filter>include</Filter>
    </ClInclude>
    <ClInclude Include="..\..\include\SurfaceOfRevolution.h">
      <Filter>include</Filter>
    </ClInclude>
    <ClInclude Include="..\..\include\SurfaceOfRevolutionPointGenerator.h">
      <Filter>include</Filter>
    </ClInclude>
    <ClInclude Include="..\..\include\SurfacePointGenerator.h">
      <Filter>include</Filter>
    </ClInclude>
    <ClInclude Include="..\..\include\SurfacePolygonTrimmer.h">
      <Filter>include</Filter>
    </ClInclude>
    <ClInclude Include="..\..\include\SurfaceQuadBspTrimmer.h">
      <Filter>include</Filter>
    </ClInclude>
    <ClInclude Include="..\..\include\SurfaceQuadTrimmer.h">
      <Filter>include</Filter>
    </ClInclude>
    <ClInclude Include="..\..\include\SurfaceQuadTrimmer2.h">
      <Filter>include</Filter>
    </ClInclude>
    <ClInclude Include="..\..\include\SurfaceSpace.h">
      <Filter>include</Filter>
    </ClInclude>
    <ClInclude Include="..\..\include\SurfaceSpace2.h">
      <Filter>include</Filter>
    </ClInclude>
    <ClInclude Include="..\..\include\SurfaceTrimmer.h">
      <Filter>include</Filter>
    </ClInclude>
    <ClInclude Include="..\..\include\SurfaceTrimmerBase.h">
      <Filter>include</Filter>
    </ClInclude>
    <ClInclude Include="..\..\include\SurfaceTrimmerDelaunay.h">
      <Filter>include</Filter>
    </ClInclude>
    <ClInclude Include="..\..\include\SurfPointsPack.h">
      <Filter>include</Filter>
    </ClInclude>
    <ClInclude Include="..\..\include\SurfPointsPack2TriangleMesh.h">
      <Filter>include</Filter>
    </ClInclude>
    <ClInclude Include="..\..\include\SurfPointsPackBucketed.h">
      <Filter>include</Filter>
    </ClInclude>
    <ClInclude Include="..\..\include\sVector.h">
      <Filter>include</Filter>
    </ClInclude>
    <ClInclude Include="..\..\include\TabulatedCylinder.h">
      <Filter>include</Filter>
    </ClInclude>
    <ClInclude Include="..\..\include\TabulatedCylinderPointGenerator.h">
      <Filter>include</Filter>
    </ClInclude>
    <ClInclude Include="..\..\include\TArray.h">
      <Filter>include</Filter>
    </ClInclude>
    <ClInclude Include="..\..\include\Test_IgesSerialize.h">
      <Filter>include</Filter>
    </ClInclude>
    <ClInclude Include="..\..\include\TestGeometryContainers.h">
      <Filter>include</Filter>
    </ClInclude>
    <ClInclude Include="..\..\include\TextBox.h">
      <Filter>include</Filter>
    </ClInclude>
    <ClInclude Include="..\..\include\ThinTransformShell.h">
      <Filter>include</Filter>
    </ClInclude>
    <ClInclude Include="..\..\include\ThreeDLoopToSurfParSpace.h">
      <Filter>include</Filter>
    </ClInclude>
    <ClInclude Include="..\..\include\ToroidalSurface.h">
      <Filter>include</Filter>
    </ClInclude>
    <ClInclude Include="..\..\include\ToroidalSurfacePointGenerator.h">
      <Filter>include</Filter>
    </ClInclude>
    <ClInclude Include="..\..\include\TPointerArray.h">
      <Filter>include</Filter>
    </ClInclude>
    <ClInclude Include="..\..\include\TransformationMatrix.h">
      <Filter>include</Filter>
    </ClInclude>
    <ClInclude Include="..\..\include\TransformationMatrixAnalyzer.h">
      <Filter>include</Filter>
    </ClInclude>
    <ClInclude Include="..\..\include\TransformationMatrixSet.h">
      <Filter>include</Filter>
    </ClInclude>
    <ClInclude Include="..\..\include\TransformData.h">
      <Filter>include</Filter>
    </ClInclude>
    <ClInclude Include="..\..\include\Tri2TriCollCheck2d.h">
      <Filter>include</Filter>
    </ClInclude>
    <ClInclude Include="..\..\include\TriangleIntersection.h">
      <Filter>include</Filter>
    </ClInclude>
    <ClInclude Include="..\..\include\TriangleMesh.h">
      <Filter>include</Filter>
    </ClInclude>
    <ClInclude Include="..\..\include\TriangleMesh2d.h">
      <Filter>include</Filter>
    </ClInclude>
    <ClInclude Include="..\..\include\TriangleMeshCollCheck2d.h">
      <Filter>include</Filter>
    </ClInclude>
    <ClInclude Include="..\..\include\TriangleMeshIntersection.h">
      <Filter>include</Filter>
    </ClInclude>
    <ClInclude Include="..\..\include\TriangleMeshPointMinDist.h">
      <Filter>include</Filter>
    </ClInclude>
    <ClInclude Include="..\..\include\TriangleMeshPointSetMinDist.h">
      <Filter>include</Filter>
    </ClInclude>
    <ClInclude Include="..\..\include\TriangleMeshSplitter.h">
      <Filter>include</Filter>
    </ClInclude>
    <ClInclude Include="..\..\include\TrianglePointMinDist.h">
      <Filter>include</Filter>
    </ClInclude>
    <ClInclude Include="..\..\include\Triangles.h">
      <Filter>include</Filter>
    </ClInclude>
    <ClInclude Include="..\..\include\TriangleSplitter.h">
      <Filter>include</Filter>
    </ClInclude>
    <ClInclude Include="..\..\include\TrianglesToPoints.h">
      <Filter>include</Filter>
    </ClInclude>
    <ClInclude Include="..\..\include\TrimLine.h">
      <Filter>include</Filter>
    </ClInclude>
    <ClInclude Include="..\..\include\TrimLoop2dSetFormer.h">
      <Filter>include</Filter>
    </ClInclude>
    <ClInclude Include="..\..\include\TrimLoopVerifier.h">
      <Filter>include</Filter>
    </ClInclude>
    <ClInclude Include="..\..\include\TrimmedBSplineSurface.h">
      <Filter>include</Filter>
    </ClInclude>
    <ClInclude Include="..\..\include\TrimmedCurvePointGenerator.h">
      <Filter>include</Filter>
    </ClInclude>
    <ClInclude Include="..\..\include\TrimmedQuadSet.h">
      <Filter>include</Filter>
    </ClInclude>
    <ClInclude Include="..\..\include\TrimmedSurface.h">
      <Filter>include</Filter>
    </ClInclude>
    <ClInclude Include="..\..\include\TrimmedSurfaceDigitiserByLength.h">
      <Filter>include</Filter>
    </ClInclude>
    <ClInclude Include="..\..\include\TwoDLoopTriangulator.h">
      <Filter>include</Filter>
    </ClInclude>
    <ClInclude Include="..\..\include\TypeConverters.h">
      <Filter>include</Filter>
    </ClInclude>
    <ClInclude Include="..\..\include\UntrimmedSurface.h">
      <Filter>include</Filter>
    </ClInclude>
    <ClInclude Include="..\..\include\UntrimmedSurface2QuadSet.h">
      <Filter>include</Filter>
    </ClInclude>
    <ClInclude Include="..\..\include\UntrimmedSurfaceSet.h">
      <Filter>include</Filter>
    </ClInclude>
    <ClInclude Include="..\..\include\UntrimmedSurfaceToQuadSet.h">
      <Filter>include</Filter>
    </ClInclude>
    <ClInclude Include="..\..\include\UntypedException.h">
      <Filter>include</Filter>
    </ClInclude>
    <ClInclude Include="..\..\include\VArc.h">
      <Filter>include</Filter>
    </ClInclude>
    <ClInclude Include="..\..\include\VArc2d.h">
      <Filter>include</Filter>
    </ClInclude>
    <ClInclude Include="..\..\include\VariableOffsetManager.h">
      <Filter>include</Filter>
    </ClInclude>
    <ClInclude Include="..\..\include\VChronometer.h">
      <Filter>include</Filter>
    </ClInclude>
    <ClInclude Include="..\..\include\VColor.h">
      <Filter>include</Filter>
    </ClInclude>
    <ClInclude Include="..\..\include\VCombinations.h">
      <Filter>include</Filter>
    </ClInclude>
    <ClInclude Include="..\..\include\VDelaunay2d.h">
      <Filter>include</Filter>
    </ClInclude>
    <ClInclude Include="..\..\include\VectorSerializer.h">
      <Filter>include</Filter>
    </ClInclude>
    <ClInclude Include="..\..\include\VEllipse.h">
      <Filter>include</Filter>
    </ClInclude>
    <ClInclude Include="..\..\include\Vertex.h">
      <Filter>include</Filter>
    </ClInclude>
    <ClInclude Include="..\..\include\VException.h">
      <Filter>include</Filter>
    </ClInclude>
    <ClInclude Include="..\..\include\VFileDirectoryFunctions.h">
      <Filter>include</Filter>
    </ClInclude>
    <ClInclude Include="..\..\include\ViewingState.h">
      <Filter>include</Filter>
    </ClInclude>
    <ClInclude Include="..\..\include\ViewPointDefaults.h">
      <Filter>include</Filter>
    </ClInclude>
    <ClInclude Include="..\..\include\ViewPointItem.h">
      <Filter>include</Filter>
    </ClInclude>
    <ClInclude Include="..\..\include\ViewPointItemTypes.h">
      <Filter>include</Filter>
    </ClInclude>
    <ClInclude Include="..\..\include\ViewVolume.h">
      <Filter>include</Filter>
    </ClInclude>
    <ClInclude Include="..\..\include\VInterval.h">
      <Filter>include</Filter>
    </ClInclude>
    <ClInclude Include="..\..\include\VisualAttLoader.h">
      <Filter>include</Filter>
    </ClInclude>
    <ClInclude Include="..\..\include\VisualAttributes.h">
      <Filter>include</Filter>
    </ClInclude>
    <ClInclude Include="..\..\include\VLine.h">
      <Filter>include</Filter>
    </ClInclude>
    <ClInclude Include="..\..\include\VLine2d.h">
      <Filter>include</Filter>
    </ClInclude>
    <ClInclude Include="..\..\include\VLine2dE.h">
      <Filter>include</Filter>
    </ClInclude>
    <ClInclude Include="..\..\include\VMakeHull.h">
      <Filter>include</Filter>
    </ClInclude>
    <ClInclude Include="..\..\include\VNamedColor.h">
      <Filter>include</Filter>
    </ClInclude>
    <ClInclude Include="..\..\include\VNameServer.h">
      <Filter>include</Filter>
    </ClInclude>
    <ClInclude Include="..\..\include\VolBoxModel.h">
      <Filter>include</Filter>
    </ClInclude>
    <ClInclude Include="..\..\include\VolumeBox.h">
      <Filter>include</Filter>
    </ClInclude>
    <ClInclude Include="..\..\include\Voronoi.h">
      <Filter>include</Filter>
    </ClInclude>
    <ClInclude Include="..\..\include\VPlane.h">
      <Filter>include</Filter>
    </ClInclude>
    <ClInclude Include="..\..\include\VPoint.h">
      <Filter>include</Filter>
    </ClInclude>
    <ClInclude Include="..\..\include\VPoint2d.h">
      <Filter>include</Filter>
    </ClInclude>
    <ClInclude Include="..\..\include\VPointerArray.h">
      <Filter>include</Filter>
    </ClInclude>
    <ClInclude Include="..\..\include\VPointerArrayAllocator.h">
      <Filter>include</Filter>
    </ClInclude>
    <ClInclude Include="..\..\include\VPolygon.h">
      <Filter>include</Filter>
    </ClInclude>
    <ClInclude Include="..\..\include\VpPreCompileDefinitions.h">
      <Filter>include</Filter>
    </ClInclude>
    <ClInclude Include="..\..\include\VpTestCode.h">
      <Filter>include</Filter>
    </ClInclude>
    <ClInclude Include="..\..\include\VRand.h">
      <Filter>include</Filter>
    </ClInclude>
    <ClInclude Include="..\..\include\VRefTriangleMesh.h">
      <Filter>include</Filter>
    </ClInclude>
    <ClInclude Include="..\..\include\VRefTriangleMeshWriter.h">
      <Filter>include</Filter>
    </ClInclude>
    <ClInclude Include="..\..\include\VRefTriMesh.h">
      <Filter>include</Filter>
    </ClInclude>
    <ClInclude Include="..\..\include\VStr.h">
      <Filter>include</Filter>
    </ClInclude>
    <ClInclude Include="..\..\include\VStringTableTranslater.h">
      <Filter>include</Filter>
    </ClInclude>
    <ClInclude Include="..\..\include\VTest.h">
      <Filter>include</Filter>
    </ClInclude>
    <ClInclude Include="..\..\include\VTextLog.h">
      <Filter>include</Filter>
    </ClInclude>
    <ClInclude Include="..\..\include\VTime.h">
      <Filter>include</Filter>
    </ClInclude>
    <ClInclude Include="..\..\include\VTolerance.h">
      <Filter>include</Filter>
    </ClInclude>
    <ClInclude Include="..\..\include\VTPointer.h">
      <Filter>include</Filter>
    </ClInclude>
    <ClInclude Include="..\..\include\VTransformable.h">
      <Filter>include</Filter>
    </ClInclude>
    <ClInclude Include="..\..\include\VTriangle.h">
      <Filter>include</Filter>
    </ClInclude>
    <ClInclude Include="..\..\include\VTriangle2d.h">
      <Filter>include</Filter>
    </ClInclude>
    <ClInclude Include="..\..\include\VTriangle2dE.h">
      <Filter>include</Filter>
    </ClInclude>
    <ClInclude Include="..\..\include\VTriangleE.h">
      <Filter>include</Filter>
    </ClInclude>
    <ClInclude Include="..\..\include\VTTextMap.h">
      <Filter>include</Filter>
    </ClInclude>
    <ClInclude Include="..\..\include\VUnit.h">
      <Filter>include</Filter>
    </ClInclude>
    <ClInclude Include="..\..\include\VVoxel.h">
      <Filter>include</Filter>
    </ClInclude>
    <ClInclude Include="..\..\include\VVoxelList.h">
      <Filter>include</Filter>
    </ClInclude>
    <ClInclude Include="..\..\include\BoxCollisionCheck.h">
      <Filter>include</Filter>
    </ClInclude>
    <ClInclude Include="..\..\include\CollPrimitiveFactory.h">
      <Filter>include</Filter>
    </ClInclude>
    <ClInclude Include="..\..\include\ImprovedTriangleContainerBox.h">
      <Filter>include</Filter>
    </ClInclude>
    <ClInclude Include="..\..\include\LineCast.h">
      <Filter>include</Filter>
    </ClInclude>
    <ClInclude Include="..\..\include\MultiWireCollCheck.h">
      <Filter>include</Filter>
    </ClInclude>
    <ClInclude Include="..\..\include\QdrEqSolver.h">
      <Filter>include</Filter>
    </ClInclude>
    <ClInclude Include="..\..\include\SurfaceCollChecker.h">
      <Filter>include</Filter>
    </ClInclude>
    <ClInclude Include="..\..\include\SweptCircleArcColl.h">
      <Filter>include</Filter>
    </ClInclude>
    <ClInclude Include="..\..\include\SweptCircleLineColl.h">
      <Filter>include</Filter>
    </ClInclude>
    <ClInclude Include="..\..\include\ToolCircle.h">
      <Filter>include</Filter>
    </ClInclude>
    <ClInclude Include="..\..\include\ToolLine.h">
      <Filter>include</Filter>
    </ClInclude>
    <ClInclude Include="..\..\include\ToolPrim.h">
      <Filter>include</Filter>
    </ClInclude>
    <ClInclude Include="..\..\include\ToolPrimMaker.h">
      <Filter>include</Filter>
    </ClInclude>
    <ClInclude Include="..\..\include\ToolVerticalLine.h">
      <Filter>include</Filter>
    </ClInclude>
    <ClInclude Include="..\..\include\TriangleContainerBox.h">
      <Filter>include</Filter>
    </ClInclude>
    <ClInclude Include="..\..\include\TriangleSphereTouch.h">
      <Filter>include</Filter>
    </ClInclude>
    <ClInclude Include="..\..\include\VRefTriMeshCollCheck.h">
      <Filter>include</Filter>
    </ClInclude>
    <ClInclude Include="..\..\include\vTool.h">
      <Filter>include</Filter>
    </ClInclude>
    <ClInclude Include="..\..\include\VDir.h">
      <Filter>include</Filter>
    </ClInclude>
    <ClInclude Include="..\..\include\VTrnFile.h">
      <Filter>include</Filter>
    </ClInclude>
    <ClInclude Include="..\..\include\VD.h">
      <Filter>include</Filter>
    </ClInclude>
    <ClInclude Include="..\..\include\VTranslatedData.h">
      <Filter>include</Filter>
    </ClInclude>
  </ItemGroup>
  <ItemGroup>
    <Text Include="..\..\include\ReadMe.txt">
      <Filter>include</Filter>
    </Text>
    <Text Include="..\..\src\noneedtoreadme.txt">
      <Filter>src</Filter>
    </Text>
    <Text Include="..\..\src\ReadMe.txt">
      <Filter>src</Filter>
    </Text>
  </ItemGroup>
  <ItemGroup>
    <ClCompile Include="..\..\src\AABB.cpp">
      <Filter>src</Filter>
    </ClCompile>
    <ClCompile Include="..\..\src\analyzesurface.cpp">
      <Filter>src</Filter>
    </ClCompile>
    <ClCompile Include="..\..\src\Arc.cpp">
      <Filter>src</Filter>
    </ClCompile>
    <ClCompile Include="..\..\src\arcfit.cpp">
      <Filter>src</Filter>
    </ClCompile>
    <ClCompile Include="..\..\src\arcpointgenerator.cpp">
      <Filter>src</Filter>
    </ClCompile>
    <ClCompile Include="..\..\src\BasicGeoIntr2dUI.cpp">
      <Filter>src</Filter>
    </ClCompile>
    <ClCompile Include="..\..\src\BasicGeoIntrUI.cpp">
      <Filter>src</Filter>
    </ClCompile>
    <ClCompile Include="..\..\src\Bifstream.cpp">
      <Filter>src</Filter>
    </ClCompile>
    <ClCompile Include="..\..\src\Bofstream.cpp">
      <Filter>src</Filter>
    </ClCompile>
    <ClCompile Include="..\..\src\Boundary.cpp">
      <Filter>src</Filter>
    </ClCompile>
    <ClCompile Include="..\..\src\BoundedSurface.cpp">
      <Filter>src</Filter>
    </ClCompile>
    <ClCompile Include="..\..\src\BoundingBox.cpp">
      <Filter>src</Filter>
    </ClCompile>
    <ClCompile Include="..\..\src\BoundingBox2TriMesh.cpp">
      <Filter>src</Filter>
    </ClCompile>
    <ClCompile Include="..\..\src\BSplineControlPoints.cpp">
      <Filter>src</Filter>
    </ClCompile>
    <ClCompile Include="..\..\src\BSplineCurve.cpp">
      <Filter>src</Filter>
    </ClCompile>
    <ClCompile Include="..\..\src\BSplineCurvePointGenerator.cpp">
      <Filter>src</Filter>
    </ClCompile>
    <ClCompile Include="..\..\src\BSplineKnots.cpp">
      <Filter>src</Filter>
    </ClCompile>
    <ClCompile Include="..\..\src\BSplineN.cpp">
      <Filter>src</Filter>
    </ClCompile>
    <ClCompile Include="..\..\src\BSplineNFormer.cpp">
      <Filter>src</Filter>
    </ClCompile>
    <ClCompile Include="..\..\src\BSplineNSet.cpp">
      <Filter>src</Filter>
    </ClCompile>
    <ClCompile Include="..\..\src\BSplineSurface.cpp">
      <Filter>src</Filter>
    </ClCompile>
    <ClCompile Include="..\..\src\BSplineSurfacePointGenerator.cpp">
      <Filter>src</Filter>
    </ClCompile>
    <ClCompile Include="..\..\src\BSplineSurfacePointGenerator2.cpp">
      <Filter>src</Filter>
    </ClCompile>
    <ClCompile Include="..\..\src\BSplineWeights.cpp">
      <Filter>src</Filter>
    </ClCompile>
    <ClCompile Include="..\..\src\BspTest.cpp">
      <Filter>src</Filter>
    </ClCompile>
    <ClCompile Include="..\..\src\bsptoconvexloops.cpp">
      <Filter>src</Filter>
    </ClCompile>
    <ClCompile Include="..\..\src\BspTree.cpp">
      <Filter>src</Filter>
    </ClCompile>
    <ClCompile Include="..\..\src\BspTreeBooleanOp.cpp">
      <Filter>src</Filter>
    </ClCompile>
    <ClCompile Include="..\..\src\BspTreeConstructor.cpp">
      <Filter>src</Filter>
    </ClCompile>
    <ClCompile Include="..\..\src\BspTreeToConvexLineGroups.cpp">
      <Filter>src</Filter>
    </ClCompile>
    <ClCompile Include="..\..\src\BspTreeToLineSet2d.cpp">
      <Filter>src</Filter>
    </ClCompile>
    <ClCompile Include="..\..\src\CalcMeshByDelaunay2D.cpp">
      <Filter>src</Filter>
    </ClCompile>
    <ClCompile Include="..\..\src\Camera.cpp">
      <Filter>src</Filter>
    </ClCompile>
    <ClCompile Include="..\..\src\CastIf.cpp">
      <Filter>src</Filter>
    </ClCompile>
    <ClCompile Include="..\..\src\CmnBase.cpp">
      <Filter>src</Filter>
    </ClCompile>
    <ClCompile Include="..\..\src\ColorDefinition.cpp">
      <Filter>src</Filter>
    </ClCompile>
    <ClCompile Include="..\..\src\CompositeCurve.cpp">
      <Filter>src</Filter>
    </ClCompile>
    <ClCompile Include="..\..\src\CompositeCurvePointGenerator.cpp">
      <Filter>src</Filter>
    </ClCompile>
    <ClCompile Include="..\..\src\ConicArc.cpp">
      <Filter>src</Filter>
    </ClCompile>
    <ClCompile Include="..\..\src\ConicArcPointGenerator.cpp">
      <Filter>src</Filter>
    </ClCompile>
    <ClCompile Include="..\..\src\ContourCCWCheck.cpp">
      <Filter>src</Filter>
    </ClCompile>
    <ClCompile Include="..\..\src\ContourOffseter.cpp">
      <Filter>src</Filter>
    </ClCompile>
    <ClCompile Include="..\..\src\CoordinateSystem.cpp">
      <Filter>src</Filter>
    </ClCompile>
    <ClCompile Include="..\..\src\CoordSystemDisplay.cpp">
      <Filter>src</Filter>
    </ClCompile>
    <ClCompile Include="..\..\src\CopiousData.cpp">
      <Filter>src</Filter>
    </ClCompile>
    <ClCompile Include="..\..\src\CopiousDataFactory.cpp">
      <Filter>src</Filter>
    </ClCompile>
    <ClCompile Include="..\..\src\CopiousDataPointGenerator.cpp">
      <Filter>src</Filter>
    </ClCompile>
    <ClCompile Include="..\..\src\Copy of BoundingBox2TriMesh.cpp">
      <Filter>src</Filter>
    </ClCompile>
    <ClCompile Include="..\..\src\CopyList.cpp">
      <Filter>src</Filter>
    </ClCompile>
    <ClCompile Include="..\..\src\CurveOnParametricSurface.cpp">
      <Filter>src</Filter>
    </ClCompile>
    <ClCompile Include="..\..\src\CurvePointGenerator.cpp">
      <Filter>src</Filter>
    </ClCompile>
    <ClCompile Include="..\..\src\CurvePointGeneratorFactory.cpp">
      <Filter>src</Filter>
    </ClCompile>
    <ClCompile Include="..\..\src\CurveSpace.cpp">
      <Filter>src</Filter>
    </ClCompile>
    <ClCompile Include="..\..\src\CylindiricalSpace.cpp">
      <Filter>src</Filter>
    </ClCompile>
    <ClCompile Include="..\..\src\dCurve.cpp">
      <Filter>src</Filter>
    </ClCompile>
    <ClCompile Include="..\..\src\DeBoorEvaluation.cpp">
      <Filter>src</Filter>
    </ClCompile>
    <ClCompile Include="..\..\src\DeBoorEvaluation2.cpp">
      <Filter>src</Filter>
    </ClCompile>
    <ClCompile Include="..\..\src\DeBoorEvaluation3.cpp">
      <Filter>src</Filter>
    </ClCompile>
    <ClCompile Include="..\..\src\delrefmesh.cpp">
      <Filter>src</Filter>
    </ClCompile>
    <ClCompile Include="..\..\src\DelRefMeshTest.cpp">
      <Filter>src</Filter>
    </ClCompile>
    <ClCompile Include="..\..\src\dglArc.cpp">
      <Filter>src</Filter>
    </ClCompile>
    <ClCompile Include="..\..\src\dglLine.cpp">
      <Filter>src</Filter>
    </ClCompile>
    <ClCompile Include="..\..\src\DigitisedCurve.cpp">
      <Filter>src</Filter>
    </ClCompile>
    <ClCompile Include="..\..\src\DirectionEntity.cpp">
      <Filter>src</Filter>
    </ClCompile>
    <ClCompile Include="..\..\src\DirectoryEntry.cpp">
      <Filter>src</Filter>
    </ClCompile>
    <ClCompile Include="..\..\src\Display.cpp">
      <Filter>src</Filter>
    </ClCompile>
    <ClCompile Include="..\..\src\DistanceSupport.cpp">
      <Filter>src</Filter>
    </ClCompile>
    <ClCompile Include="..\..\src\DosyaPaketleme.cpp">
      <Filter>src</Filter>
    </ClCompile>
    <ClCompile Include="..\..\src\DoubleList.cpp">
      <Filter>src</Filter>
    </ClCompile>
    <ClCompile Include="..\..\src\DoubleVec.cpp">
      <Filter>src</Filter>
    </ClCompile>
    <ClCompile Include="..\..\src\DraftEntity.cpp">
      <Filter>src</Filter>
    </ClCompile>
    <ClCompile Include="..\..\src\DraftEntityVec.cpp">
      <Filter>src</Filter>
    </ClCompile>
    <ClCompile Include="..\..\src\DrawShapes.cpp">
      <Filter>src</Filter>
    </ClCompile>
    <ClCompile Include="..\..\src\dSurface.cpp">
      <Filter>src</Filter>
    </ClCompile>
    <ClCompile Include="..\..\src\DTable.cpp">
      <Filter>src</Filter>
    </ClCompile>
    <ClCompile Include="..\..\src\DTableContainer.cpp">
      <Filter>src</Filter>
    </ClCompile>
    <ClCompile Include="..\..\src\DTableKeyAttributes.cpp">
      <Filter>src</Filter>
    </ClCompile>
    <ClCompile Include="..\..\src\DTableKeys.cpp">
      <Filter>src</Filter>
    </ClCompile>
    <ClCompile Include="..\..\src\DTableRow.cpp">
      <Filter>src</Filter>
    </ClCompile>
    <ClCompile Include="..\..\src\DTValueParser.cpp">
      <Filter>src</Filter>
    </ClCompile>
    <ClCompile Include="..\..\src\Edge.cpp">
      <Filter>src</Filter>
    </ClCompile>
    <ClCompile Include="..\..\src\EllipsePointGenerator.cpp">
      <Filter>src</Filter>
    </ClCompile>
    <ClCompile Include="..\..\src\EntityPointer.cpp">
      <Filter>src</Filter>
    </ClCompile>
    <ClCompile Include="..\..\src\ExceptionLogger.cpp">
      <Filter>src</Filter>
    </ClCompile>
    <ClCompile Include="..\..\src\ExceptionRecord.cpp">
      <Filter>src</Filter>
    </ClCompile>
    <ClCompile Include="..\..\src\Face.cpp">
      <Filter>src</Filter>
    </ClCompile>
    <ClCompile Include="..\..\src\FacetVisualAtt.cpp">
      <Filter>src</Filter>
    </ClCompile>
    <ClCompile Include="..\..\src\FakeSLSet.cpp">
      <Filter>src</Filter>
    </ClCompile>
    <ClCompile Include="..\..\src\FastArcDigitiser.cpp">
      <Filter>src</Filter>
    </ClCompile>
    <ClCompile Include="..\..\src\Find&amp;Replace.cpp">
      <Filter>src</Filter>
    </ClCompile>
    <ClCompile Include="..\..\src\FindAndReplace.cpp">
      <Filter>src</Filter>
    </ClCompile>
    <ClCompile Include="..\..\src\FMesh.cpp">
      <Filter>src</Filter>
    </ClCompile>
    <ClCompile Include="..\..\src\FolderPathContainer.cpp">
      <Filter>src</Filter>
    </ClCompile>
    <ClCompile Include="..\..\src\FreeCurveSet.cpp">
      <Filter>src</Filter>
    </ClCompile>
    <ClCompile Include="..\..\src\FTri.cpp">
      <Filter>src</Filter>
    </ClCompile>
    <ClCompile Include="..\..\src\gausselemination.cpp">
      <Filter>src</Filter>
    </ClCompile>
    <ClCompile Include="..\..\src\GaussJordanElimination.cpp">
      <Filter>src</Filter>
    </ClCompile>
    <ClCompile Include="..\..\src\GeneralNote.cpp">
      <Filter>src</Filter>
    </ClCompile>
    <ClCompile Include="..\..\src\GhoshItem.cpp">
      <Filter>src</Filter>
    </ClCompile>
    <ClCompile Include="..\..\src\GhoshMethod.cpp">
      <Filter>src</Filter>
    </ClCompile>
    <ClCompile Include="..\..\src\GlobalSection.cpp">
      <Filter>src</Filter>
    </ClCompile>
    <ClCompile Include="..\..\src\gmQuad2d.cpp">
      <Filter>src</Filter>
    </ClCompile>
    <ClCompile Include="..\..\src\gmQuadSet.cpp">
      <Filter>src</Filter>
    </ClCompile>
    <ClCompile Include="..\..\src\gmTriangleUtility.cpp">
      <Filter>src</Filter>
    </ClCompile>
    <ClCompile Include="..\..\src\gmVectorUtility.cpp">
      <Filter>src</Filter>
    </ClCompile>
    <ClCompile Include="..\..\src\GridDrawNew.cpp">
      <Filter>src</Filter>
    </ClCompile>
    <ClCompile Include="..\..\src\GridIntersect.cpp">
      <Filter>src</Filter>
    </ClCompile>
    <ClCompile Include="..\..\src\GrowingTriangles.cpp">
      <Filter>src</Filter>
    </ClCompile>
    <ClCompile Include="..\..\src\GUICustomize.cpp">
      <Filter>src</Filter>
    </ClCompile>
    <ClCompile Include="..\..\src\HalfEdge.cpp">
      <Filter>src</Filter>
    </ClCompile>
    <ClCompile Include="..\..\src\HandleSet.cpp">
      <Filter>src</Filter>
    </ClCompile>
    <ClCompile Include="..\..\src\HelicalRevolvedSection.cpp">
      <Filter>src</Filter>
    </ClCompile>
    <ClCompile Include="..\..\src\HelisEval.cpp">
      <Filter>src</Filter>
    </ClCompile>
    <ClCompile Include="..\..\src\HitRadius.cpp">
      <Filter>src</Filter>
    </ClCompile>
    <ClCompile Include="..\..\src\IgesEntity.cpp">
      <Filter>src</Filter>
    </ClCompile>
    <ClCompile Include="..\..\src\IgesEntityCopyFactory.cpp">
      <Filter>src</Filter>
    </ClCompile>
    <ClCompile Include="..\..\src\IgesEntitySet.cpp">
      <Filter>src</Filter>
    </ClCompile>
    <ClCompile Include="..\..\src\IgesEntitySet2oglTrimmedNurbsVec.cpp">
      <Filter>src</Filter>
    </ClCompile>
    <ClCompile Include="..\..\src\IgesFileRead.cpp">
      <Filter>src</Filter>
    </ClCompile>
    <ClCompile Include="..\..\src\IgesFileWrite.cpp">
      <Filter>src</Filter>
    </ClCompile>
    <ClCompile Include="..\..\src\igesTransformationMatrix.cpp">
      <Filter>src</Filter>
    </ClCompile>
    <ClCompile Include="..\..\src\IgesTrimLoop2d.cpp">
      <Filter>src</Filter>
    </ClCompile>
    <ClCompile Include="..\..\src\incdel.cpp">
      <Filter>src</Filter>
    </ClCompile>
    <ClCompile Include="..\..\src\IndexedFaceSetPointGenerator.cpp">
      <Filter>src</Filter>
    </ClCompile>
    <ClCompile Include="..\..\src\InfiniteCylinderLineIntersection.cpp">
      <Filter>src</Filter>
    </ClCompile>
    <ClCompile Include="..\..\src\IsInLoopTest.cpp">
      <Filter>src</Filter>
    </ClCompile>
    <ClCompile Include="..\..\src\LabelDisplay.cpp">
      <Filter>src</Filter>
    </ClCompile>
    <ClCompile Include="..\..\src\LeastSquaresPlaneFit.cpp">
      <Filter>src</Filter>
    </ClCompile>
    <ClCompile Include="..\..\src\Light.cpp">
      <Filter>src</Filter>
    </ClCompile>
    <ClCompile Include="..\..\src\Lighting.cpp">
      <Filter>src</Filter>
    </ClCompile>
    <ClCompile Include="..\..\src\Line.cpp">
      <Filter>src</Filter>
    </ClCompile>
    <ClCompile Include="..\..\src\LinearEquations.cpp">
      <Filter>src</Filter>
    </ClCompile>
    <ClCompile Include="..\..\src\LineGroupsToPolygons.cpp">
      <Filter>src</Filter>
    </ClCompile>
    <ClCompile Include="..\..\src\LineLineMinDist.cpp">
      <Filter>src</Filter>
    </ClCompile>
    <ClCompile Include="..\..\src\LineOrArc.cpp">
      <Filter>src</Filter>
    </ClCompile>
    <ClCompile Include="..\..\src\LinePlaneRelation.cpp">
      <Filter>src</Filter>
    </ClCompile>
    <ClCompile Include="..\..\src\LinePointGenerator.cpp">
      <Filter>src</Filter>
    </ClCompile>
    <ClCompile Include="..\..\src\LinePointMinDist.cpp">
      <Filter>src</Filter>
    </ClCompile>
    <ClCompile Include="..\..\src\Lines.cpp">
      <Filter>src</Filter>
    </ClCompile>
    <ClCompile Include="..\..\src\LinesDigitiser.cpp">
      <Filter>src</Filter>
    </ClCompile>
    <ClCompile Include="..\..\src\LineSet.cpp">
      <Filter>src</Filter>
    </ClCompile>
    <ClCompile Include="..\..\src\LineSet2d.cpp">
      <Filter>src</Filter>
    </ClCompile>
    <ClCompile Include="..\..\src\LineSet2d2SequentialLineSet2d.cpp">
      <Filter>src</Filter>
    </ClCompile>
    <ClCompile Include="..\..\src\LineSet2SequentialLineSet.cpp">
      <Filter>src</Filter>
    </ClCompile>
    <ClCompile Include="..\..\src\LineSetPointMinDist.cpp">
      <Filter>src</Filter>
    </ClCompile>
    <ClCompile Include="..\..\src\LineSetsMinDist.cpp">
      <Filter>src</Filter>
    </ClCompile>
    <ClCompile Include="..\..\src\LineSetToBSplineCurve.cpp">
      <Filter>src</Filter>
    </ClCompile>
    <ClCompile Include="..\..\src\LineVisualAtt.cpp">
      <Filter>src</Filter>
    </ClCompile>
    <ClCompile Include="..\..\src\LocalGaussWeightedAvarageFilter.cpp">
      <Filter>src</Filter>
    </ClCompile>
    <ClCompile Include="..\..\src\LogFileWriter.cpp">
      <Filter>src</Filter>
    </ClCompile>
    <ClCompile Include="..\..\src\LongVec.cpp">
      <Filter>src</Filter>
    </ClCompile>
    <ClCompile Include="..\..\src\Loop.cpp">
      <Filter>src</Filter>
    </ClCompile>
    <ClCompile Include="..\..\src\LoopLineInt.cpp">
      <Filter>src</Filter>
    </ClCompile>
    <ClCompile Include="..\..\src\LoopsLinker.cpp">
      <Filter>src</Filter>
    </ClCompile>
    <ClCompile Include="..\..\src\LoopTriangleIntersection.cpp">
      <Filter>src</Filter>
    </ClCompile>
    <ClCompile Include="..\..\src\LTable.cpp">
      <Filter>src</Filter>
    </ClCompile>
    <ClCompile Include="..\..\src\MapSerializerCore.cpp">
      <Filter>src</Filter>
    </ClCompile>
    <ClCompile Include="..\..\src\MaterialLight.cpp">
      <Filter>src</Filter>
    </ClCompile>
    <ClCompile Include="..\..\src\Matrix.cpp">
      <Filter>src</Filter>
    </ClCompile>
    <ClCompile Include="..\..\src\MedianFilter.cpp">
      <Filter>src</Filter>
    </ClCompile>
    <ClCompile Include="..\..\src\MgcDelaunay2D.cpp">
      <Filter>src</Filter>
    </ClCompile>
    <ClCompile Include="..\..\src\MinDistUI.cpp">
      <Filter>src</Filter>
    </ClCompile>
    <ClCompile Include="..\..\src\MinkowskiSum.cpp">
      <Filter>src</Filter>
    </ClCompile>
    <ClCompile Include="..\..\src\MirrorMatrix.cpp">
      <Filter>src</Filter>
    </ClCompile>
    <ClCompile Include="..\..\src\Model.cpp">
      <Filter>src</Filter>
    </ClCompile>
    <ClCompile Include="..\..\src\ModelID.cpp">
      <Filter>src</Filter>
    </ClCompile>
    <ClCompile Include="..\..\src\ModelList.cpp">
      <Filter>src</Filter>
    </ClCompile>
    <ClCompile Include="..\..\src\ModelOrientation.cpp">
      <Filter>src</Filter>
    </ClCompile>
    <ClCompile Include="..\..\src\ModelSelectionFilters.cpp">
      <Filter>src</Filter>
    </ClCompile>
    <ClCompile Include="..\..\src\ModifyFile.cpp">
      <Filter>src</Filter>
    </ClCompile>
    <ClCompile Include="..\..\src\Mouse.cpp">
      <Filter>src</Filter>
    </ClCompile>
    <ClCompile Include="..\..\src\MoveMatrix.cpp">
      <Filter>src</Filter>
    </ClCompile>
    <ClCompile Include="..\..\src\MsgText.cpp">
      <Filter>src</Filter>
    </ClCompile>
    <ClCompile Include="..\..\src\MultiLines.cpp">
      <Filter>src</Filter>
    </ClCompile>
    <ClCompile Include="..\..\src\MultiObjectLabeler.cpp">
      <Filter>src</Filter>
    </ClCompile>
    <ClCompile Include="..\..\src\MultiPointGeneratorForCompositeCurve.cpp">
      <Filter>src</Filter>
    </ClCompile>
    <ClCompile Include="..\..\src\MultiPoints.cpp">
      <Filter>src</Filter>
    </ClCompile>
    <ClCompile Include="..\..\src\MultiTextToPointsObject.cpp">
      <Filter>src</Filter>
    </ClCompile>
    <ClCompile Include="..\..\src\MultiTriangles.cpp">
      <Filter>src</Filter>
    </ClCompile>
    <ClCompile Include="..\..\src\MultiTrianglesSectionMaker.cpp">
      <Filter>src</Filter>
    </ClCompile>
    <ClCompile Include="..\..\src\NameList.cpp">
      <Filter>src</Filter>
    </ClCompile>
    <ClCompile Include="..\..\src\NewtonRaphson.cpp">
      <Filter>src</Filter>
    </ClCompile>
    <ClCompile Include="..\..\src\NFPForOpenContours.cpp">
      <Filter>src</Filter>
    </ClCompile>
    <ClCompile Include="..\..\src\NullEntity.cpp">
      <Filter>src</Filter>
    </ClCompile>
    <ClCompile Include="..\..\src\NurbsBlendFunc.cpp">
      <Filter>src</Filter>
    </ClCompile>
    <ClCompile Include="..\..\src\NurbsControlPoints.cpp">
      <Filter>src</Filter>
    </ClCompile>
    <ClCompile Include="..\..\src\NurbsEval.cpp">
      <Filter>src</Filter>
    </ClCompile>
    <ClCompile Include="..\..\src\NurbsSurfControlPoints.cpp">
      <Filter>src</Filter>
    </ClCompile>
    <ClCompile Include="..\..\src\NurbsSurfEval.cpp">
      <Filter>src</Filter>
    </ClCompile>
    <ClCompile Include="..\..\src\OffsetCurvePointGenerator.cpp">
      <Filter>src</Filter>
    </ClCompile>
    <ClCompile Include="..\..\src\OffsetSurface.cpp">
      <Filter>src</Filter>
    </ClCompile>
    <ClCompile Include="..\..\src\OffsetSurfacePointGenerator.cpp">
      <Filter>src</Filter>
    </ClCompile>
    <ClCompile Include="..\..\src\OffsLineOrArc.cpp">
      <Filter>src</Filter>
    </ClCompile>
    <ClCompile Include="..\..\src\OGL_Frame.cpp">
      <Filter>src</Filter>
    </ClCompile>
    <ClCompile Include="..\..\src\Oglmatrix.cpp">
      <Filter>src</Filter>
    </ClCompile>
    <ClCompile Include="..\..\src\oglNurbsCurve.cpp">
      <Filter>src</Filter>
    </ClCompile>
    <ClCompile Include="..\..\src\OGLNurbsSupport.cpp">
      <Filter>src</Filter>
    </ClCompile>
    <ClCompile Include="..\..\src\oglNurbsSurface.cpp">
      <Filter>src</Filter>
    </ClCompile>
    <ClCompile Include="..\..\src\OglRefMesh.cpp">
      <Filter>src</Filter>
    </ClCompile>
    <ClCompile Include="..\..\src\OglScreenPixelData.cpp">
      <Filter>src</Filter>
    </ClCompile>
    <ClCompile Include="..\..\src\OGLSelection.cpp">
      <Filter>src</Filter>
    </ClCompile>
    <ClCompile Include="..\..\src\OglServ.cpp">
      <Filter>src</Filter>
    </ClCompile>
    <ClCompile Include="..\..\src\oglTrimmedNurbs.cpp">
      <Filter>src</Filter>
    </ClCompile>
    <ClCompile Include="..\..\src\OglWindowData.cpp">
      <Filter>src</Filter>
    </ClCompile>
    <ClCompile Include="..\..\src\OperationTransform.cpp">
      <Filter>src</Filter>
    </ClCompile>
    <ClCompile Include="..\..\src\OperationTransformList.cpp">
      <Filter>src</Filter>
    </ClCompile>
    <ClCompile Include="..\..\src\Output.cpp">
      <Filter>src</Filter>
    </ClCompile>
    <ClCompile Include="..\..\src\ParametricSpline.cpp">
      <Filter>src</Filter>
    </ClCompile>
    <ClCompile Include="..\..\src\ParametricSplinePointGenerator.cpp">
      <Filter>src</Filter>
    </ClCompile>
    <ClCompile Include="..\..\src\ParametricSplineSurface.cpp">
      <Filter>src</Filter>
    </ClCompile>
    <ClCompile Include="..\..\src\ParametricSplineSurfacePointGenerator.cpp">
      <Filter>src</Filter>
    </ClCompile>
    <ClCompile Include="..\..\src\PartitionLine.cpp">
      <Filter>src</Filter>
    </ClCompile>
    <ClCompile Include="..\..\src\PathCalc2D.cpp">
      <Filter>src</Filter>
    </ClCompile>
    <ClCompile Include="..\..\src\PathStringFunctions.cpp">
      <Filter>src</Filter>
    </ClCompile>
    <ClCompile Include="..\..\src\PeriodicOpenBSplineCurve.cpp">
      <Filter>src</Filter>
    </ClCompile>
    <ClCompile Include="..\..\src\Perspective.cpp">
      <Filter>src</Filter>
    </ClCompile>
    <ClCompile Include="..\..\src\PlanarCurveToLineOrArcs.cpp">
      <Filter>src</Filter>
    </ClCompile>
    <ClCompile Include="..\..\src\PlaneEntity.cpp">
      <Filter>src</Filter>
    </ClCompile>
    <ClCompile Include="..\..\src\PlaneEntityPointGenerator.cpp">
      <Filter>src</Filter>
    </ClCompile>
    <ClCompile Include="..\..\src\PlaneSurface.cpp">
      <Filter>src</Filter>
    </ClCompile>
    <ClCompile Include="..\..\src\PlaneSurfacePointGenerator.cpp">
      <Filter>src</Filter>
    </ClCompile>
    <ClCompile Include="..\..\src\Point.cpp">
      <Filter>src</Filter>
    </ClCompile>
    <ClCompile Include="..\..\src\PointGrid.cpp">
      <Filter>src</Filter>
    </ClCompile>
    <ClCompile Include="..\..\src\PointList.cpp">
      <Filter>src</Filter>
    </ClCompile>
    <ClCompile Include="..\..\src\PointList2d.cpp">
      <Filter>src</Filter>
    </ClCompile>
    <ClCompile Include="..\..\src\PointMatrix.cpp">
      <Filter>src</Filter>
    </ClCompile>
    <ClCompile Include="..\..\src\Points.cpp">
      <Filter>src</Filter>
    </ClCompile>
    <ClCompile Include="..\..\src\PointSet.cpp">
      <Filter>src</Filter>
    </ClCompile>
    <ClCompile Include="..\..\src\PointSet2d.cpp">
      <Filter>src</Filter>
    </ClCompile>
    <ClCompile Include="..\..\src\PointSet2LineSet.cpp">
      <Filter>src</Filter>
    </ClCompile>
    <ClCompile Include="..\..\src\PointVisualAtt.cpp">
      <Filter>src</Filter>
    </ClCompile>
    <ClCompile Include="..\..\src\PolarCalc.cpp">
      <Filter>src</Filter>
    </ClCompile>
    <ClCompile Include="..\..\src\PolarCalc2d.cpp">
      <Filter>src</Filter>
    </ClCompile>
    <ClCompile Include="..\..\src\PolarPoint2d.cpp">
      <Filter>src</Filter>
    </ClCompile>
    <ClCompile Include="..\..\src\polyg.cpp">
      <Filter>src</Filter>
    </ClCompile>
    <ClCompile Include="..\..\src\PolygonToTriangles.cpp">
      <Filter>src</Filter>
    </ClCompile>
    <ClCompile Include="..\..\src\PosCubes.cpp">
      <Filter>src</Filter>
    </ClCompile>
    <ClCompile Include="..\..\src\PosCubes2d.cpp">
      <Filter>src</Filter>
    </ClCompile>
    <ClCompile Include="..\..\src\PosCubes2dCore.cpp">
      <Filter>src</Filter>
    </ClCompile>
    <ClCompile Include="..\..\src\PosCubes2dGeoHandling.cpp">
      <Filter>src</Filter>
    </ClCompile>
    <ClCompile Include="..\..\src\PosCubesCore.cpp">
      <Filter>src</Filter>
    </ClCompile>
    <ClCompile Include="..\..\src\PosCubesGeoHandling.cpp">
      <Filter>src</Filter>
    </ClCompile>
    <ClCompile Include="..\..\src\PosCubesVisualiser.cpp">
      <Filter>src</Filter>
    </ClCompile>
    <ClCompile Include="..\..\src\ProcessedBoundedSurface.cpp">
      <Filter>src</Filter>
    </ClCompile>
    <ClCompile Include="..\..\src\ProcessedFace.cpp">
      <Filter>src</Filter>
    </ClCompile>
    <ClCompile Include="..\..\src\ProcessedTabulatedCylinder.cpp">
      <Filter>src</Filter>
    </ClCompile>
    <ClCompile Include="..\..\src\ProcessedTrimmedSurface.cpp">
      <Filter>src</Filter>
    </ClCompile>
    <ClCompile Include="..\..\src\ProcessLine.cpp">
      <Filter>src</Filter>
    </ClCompile>
    <ClCompile Include="..\..\src\ProjectionMatrix.cpp">
      <Filter>src</Filter>
    </ClCompile>
    <ClCompile Include="..\..\src\PViewEl.cpp">
      <Filter>src</Filter>
    </ClCompile>
    <ClCompile Include="..\..\src\QuadraticEquation.cpp">
      <Filter>src</Filter>
    </ClCompile>
    <ClCompile Include="..\..\src\Quat.cpp">
      <Filter>src</Filter>
    </ClCompile>
    <ClCompile Include="..\..\src\QueryVisible.cpp">
      <Filter>src</Filter>
    </ClCompile>
    <ClCompile Include="..\..\src\RectangleSpace.cpp">
      <Filter>src</Filter>
    </ClCompile>
    <ClCompile Include="..\..\src\RefLine.cpp">
      <Filter>src</Filter>
    </ClCompile>
    <ClCompile Include="..\..\src\RefTriangle.cpp">
      <Filter>src</Filter>
    </ClCompile>
    <ClCompile Include="..\..\src\RefTriangleMesh.cpp">
      <Filter>src</Filter>
    </ClCompile>
    <ClCompile Include="..\..\src\reftrianglesplitter.cpp">
      <Filter>src</Filter>
    </ClCompile>
    <ClCompile Include="..\..\src\RemoteIfstream.cpp">
      <Filter>src</Filter>
    </ClCompile>
    <ClCompile Include="..\..\src\RemoteOfstream.cpp">
      <Filter>src</Filter>
    </ClCompile>
    <ClCompile Include="..\..\src\ReorientMatrix.cpp">
      <Filter>src</Filter>
    </ClCompile>
    <ClCompile Include="..\..\src\RightCircularConicalSurface.cpp">
      <Filter>src</Filter>
    </ClCompile>
    <ClCompile Include="..\..\src\RightCircularCylindricalSurface.cpp">
      <Filter>src</Filter>
    </ClCompile>
    <ClCompile Include="..\..\src\RightConicalSurfacePointGenerator.cpp">
      <Filter>src</Filter>
    </ClCompile>
    <ClCompile Include="..\..\src\RightCylindiricalSurfacePointGenerator.cpp">
      <Filter>src</Filter>
    </ClCompile>
    <ClCompile Include="..\..\src\RotationMatrix.cpp">
      <Filter>src</Filter>
    </ClCompile>
    <ClCompile Include="..\..\src\RoughPolarP2d.cpp">
      <Filter>src</Filter>
    </ClCompile>
    <ClCompile Include="..\..\src\RoughPolarPSet2d.cpp">
      <Filter>src</Filter>
    </ClCompile>
    <ClCompile Include="..\..\src\RuledSurface.cpp">
      <Filter>src</Filter>
    </ClCompile>
    <ClCompile Include="..\..\src\RuledSurfacePointGenerator.cpp">
      <Filter>src</Filter>
    </ClCompile>
    <ClCompile Include="..\..\src\ScaleMatrix.cpp">
      <Filter>src</Filter>
    </ClCompile>
    <ClCompile Include="..\..\src\SegmentationParameters.cpp">
      <Filter>src</Filter>
    </ClCompile>
    <ClCompile Include="..\..\src\SelectableTypes.cpp">
      <Filter>src</Filter>
    </ClCompile>
    <ClCompile Include="..\..\src\SelectableTypesVector.cpp">
      <Filter>src</Filter>
    </ClCompile>
    <ClCompile Include="..\..\src\Selection.cpp">
      <Filter>src</Filter>
    </ClCompile>
    <ClCompile Include="..\..\src\SelectionFlags.cpp">
      <Filter>src</Filter>
    </ClCompile>
    <ClCompile Include="..\..\src\SelectionInfo.cpp">
      <Filter>src</Filter>
    </ClCompile>
    <ClCompile Include="..\..\src\SeqLinesOffset.cpp">
      <Filter>src</Filter>
    </ClCompile>
    <ClCompile Include="..\..\src\SequentialLineSet.cpp">
      <Filter>src</Filter>
    </ClCompile>
    <ClCompile Include="..\..\src\SequentialLineSet2d.cpp">
      <Filter>src</Filter>
    </ClCompile>
    <ClCompile Include="..\..\src\SequentialLinesSubset.cpp">
      <Filter>src</Filter>
    </ClCompile>
    <ClCompile Include="..\..\src\Serialized.cpp">
      <Filter>src</Filter>
    </ClCompile>
    <ClCompile Include="..\..\src\Serializer.cpp">
      <Filter>src</Filter>
    </ClCompile>
    <ClCompile Include="..\..\src\SerializeVector.cpp">
      <Filter>src</Filter>
    </ClCompile>
    <ClCompile Include="..\..\src\SerializeVPolygon.cpp">
      <Filter>src</Filter>
    </ClCompile>
    <ClCompile Include="..\..\src\SetMerger.cpp">
      <Filter>src</Filter>
    </ClCompile>
    <ClCompile Include="..\..\src\SilhoutteCalc.cpp">
      <Filter>src</Filter>
    </ClCompile>
    <ClCompile Include="..\..\src\SingularSubFigureInstance.cpp">
      <Filter>src</Filter>
    </ClCompile>
    <ClCompile Include="..\..\src\SnapEntities.cpp">
      <Filter>src</Filter>
    </ClCompile>
    <ClCompile Include="..\..\src\SolidPosCube2d.cpp">
      <Filter>src</Filter>
    </ClCompile>
    <ClCompile Include="..\..\src\SpaceConverter.cpp">
      <Filter>src</Filter>
    </ClCompile>
    <ClCompile Include="..\..\src\SphereSurfacePointGenerator.cpp">
      <Filter>src</Filter>
    </ClCompile>
    <ClCompile Include="..\..\src\SphericalSurface.cpp">
      <Filter>src</Filter>
    </ClCompile>
    <ClCompile Include="..\..\src\sPoints.cpp">
      <Filter>src</Filter>
    </ClCompile>
    <ClCompile Include="..\..\src\StdAfx.cpp">
      <Filter>src</Filter>
    </ClCompile>
    <ClCompile Include="..\..\src\Stipple.cpp">
      <Filter>src</Filter>
    </ClCompile>
    <ClCompile Include="..\..\src\SubFigureDefinition.cpp">
      <Filter>src</Filter>
    </ClCompile>
    <ClCompile Include="..\..\src\SurfaceBspTrimmer.cpp">
      <Filter>src</Filter>
    </ClCompile>
    <ClCompile Include="..\..\src\SurfaceOfRevolution.cpp">
      <Filter>src</Filter>
    </ClCompile>
    <ClCompile Include="..\..\src\SurfaceOfRevolutionPointGenerator.cpp">
      <Filter>src</Filter>
    </ClCompile>
    <ClCompile Include="..\..\src\SurfacePointGenerator.cpp">
      <Filter>src</Filter>
    </ClCompile>
    <ClCompile Include="..\..\src\SurfacePolygonTrimmer.cpp">
      <Filter>src</Filter>
    </ClCompile>
    <ClCompile Include="..\..\src\SurfaceQuadBspTrimmer.cpp">
      <Filter>src</Filter>
    </ClCompile>
    <ClCompile Include="..\..\src\SurfaceQuadTrimmer.cpp">
      <Filter>src</Filter>
    </ClCompile>
    <ClCompile Include="..\..\src\SurfaceQuadTrimmer2.cpp">
      <Filter>src</Filter>
    </ClCompile>
    <ClCompile Include="..\..\src\SurfaceSpace.cpp">
      <Filter>src</Filter>
    </ClCompile>
    <ClCompile Include="..\..\src\SurfaceSpace2.cpp">
      <Filter>src</Filter>
    </ClCompile>
    <ClCompile Include="..\..\src\SurfaceTrimmer.cpp">
      <Filter>src</Filter>
    </ClCompile>
    <ClCompile Include="..\..\src\SurfaceTrimmerBase.cpp">
      <Filter>src</Filter>
    </ClCompile>
    <ClCompile Include="..\..\src\SurfaceTrimmerDelaunay.cpp">
      <Filter>src</Filter>
    </ClCompile>
    <ClCompile Include="..\..\src\SurfPointsPack.cpp">
      <Filter>src</Filter>
    </ClCompile>
    <ClCompile Include="..\..\src\SurfPointsPack2TriangleMesh.cpp">
      <Filter>src</Filter>
    </ClCompile>
    <ClCompile Include="..\..\src\SurfPointsPackBucketed.cpp">
      <Filter>src</Filter>
    </ClCompile>
    <ClCompile Include="..\..\src\sVector.cpp">
      <Filter>src</Filter>
    </ClCompile>
    <ClCompile Include="..\..\src\TabulatedCylinder.cpp">
      <Filter>src</Filter>
    </ClCompile>
    <ClCompile Include="..\..\src\TabulatedCylinderPointGenerator.cpp">
      <Filter>src</Filter>
    </ClCompile>
    <ClCompile Include="..\..\src\Test_IgesSerialize.cpp">
      <Filter>src</Filter>
    </ClCompile>
    <ClCompile Include="..\..\src\TestGeometryContainers.cpp">
      <Filter>src</Filter>
    </ClCompile>
    <ClCompile Include="..\..\src\TextBox.cpp">
      <Filter>src</Filter>
    </ClCompile>
    <ClCompile Include="..\..\src\ThinTransformShell.cpp">
      <Filter>src</Filter>
    </ClCompile>
    <ClCompile Include="..\..\src\ThreeDLoopToSurfParSpace.cpp">
      <Filter>src</Filter>
    </ClCompile>
    <ClCompile Include="..\..\src\ToroidalSurface.cpp">
      <Filter>src</Filter>
    </ClCompile>
    <ClCompile Include="..\..\src\ToroidalSurfacePointGenerator.cpp">
      <Filter>src</Filter>
    </ClCompile>
    <ClCompile Include="..\..\src\TransformationMatrix.cpp">
      <Filter>src</Filter>
    </ClCompile>
    <ClCompile Include="..\..\src\TransformationMatrixAnalyzer.cpp">
      <Filter>src</Filter>
    </ClCompile>
    <ClCompile Include="..\..\src\TransformationMatrixSet.cpp">
      <Filter>src</Filter>
    </ClCompile>
    <ClCompile Include="..\..\src\TransformData.cpp">
      <Filter>src</Filter>
    </ClCompile>
    <ClCompile Include="..\..\src\Tri2TriCollCheck2d.cpp">
      <Filter>src</Filter>
    </ClCompile>
    <ClCompile Include="..\..\src\TriangleIntersection.cpp">
      <Filter>src</Filter>
    </ClCompile>
    <ClCompile Include="..\..\src\TriangleMesh.cpp">
      <Filter>src</Filter>
    </ClCompile>
    <ClCompile Include="..\..\src\TriangleMesh2d.cpp">
      <Filter>src</Filter>
    </ClCompile>
    <ClCompile Include="..\..\src\TriangleMeshCollCheck2d.cpp">
      <Filter>src</Filter>
    </ClCompile>
    <ClCompile Include="..\..\src\trianglemeshintersection.cpp">
      <Filter>src</Filter>
    </ClCompile>
    <ClCompile Include="..\..\src\TriangleMeshPointMinDist.cpp">
      <Filter>src</Filter>
    </ClCompile>
    <ClCompile Include="..\..\src\TriangleMeshPointSetMinDist.cpp">
      <Filter>src</Filter>
    </ClCompile>
    <ClCompile Include="..\..\src\TriangleMeshSplitter.cpp">
      <Filter>src</Filter>
    </ClCompile>
    <ClCompile Include="..\..\src\TrianglePointMinDist.cpp">
      <Filter>src</Filter>
    </ClCompile>
    <ClCompile Include="..\..\src\Triangles.cpp">
      <Filter>src</Filter>
    </ClCompile>
    <ClCompile Include="..\..\src\TriangleSplitter.cpp">
      <Filter>src</Filter>
    </ClCompile>
    <ClCompile Include="..\..\src\TrianglesToPoints.cpp">
      <Filter>src</Filter>
    </ClCompile>
    <ClCompile Include="..\..\src\TrimLoopVerifier.cpp">
      <Filter>src</Filter>
    </ClCompile>
    <ClCompile Include="..\..\src\TrimmedBSplineSurface.cpp">
      <Filter>src</Filter>
    </ClCompile>
    <ClCompile Include="..\..\src\TrimmedCurvePointGenerator.cpp">
      <Filter>src</Filter>
    </ClCompile>
    <ClCompile Include="..\..\src\TrimmedQuadSet.cpp">
      <Filter>src</Filter>
    </ClCompile>
    <ClCompile Include="..\..\src\TrimmedSurface.cpp">
      <Filter>src</Filter>
    </ClCompile>
    <ClCompile Include="..\..\src\TrimmedSurfaceDigitiserByLength.cpp">
      <Filter>src</Filter>
    </ClCompile>
    <ClCompile Include="..\..\src\TwoDLoopTriangulator.cpp">
      <Filter>src</Filter>
    </ClCompile>
    <ClCompile Include="..\..\src\TypeConverters.cpp">
      <Filter>src</Filter>
    </ClCompile>
    <ClCompile Include="..\..\src\UntrimmedSurface.cpp">
      <Filter>src</Filter>
    </ClCompile>
    <ClCompile Include="..\..\src\UntrimmedSurfaceSet.cpp">
      <Filter>src</Filter>
    </ClCompile>
    <ClCompile Include="..\..\src\UntrimmedSurfaceToQuadSet.cpp">
      <Filter>src</Filter>
    </ClCompile>
    <ClCompile Include="..\..\src\UntypedException.cpp">
      <Filter>src</Filter>
    </ClCompile>
    <ClCompile Include="..\..\src\VArc.cpp">
      <Filter>src</Filter>
    </ClCompile>
    <ClCompile Include="..\..\src\VArc2d.cpp">
      <Filter>src</Filter>
    </ClCompile>
    <ClCompile Include="..\..\src\VariableOffsetManager.cpp">
      <Filter>src</Filter>
    </ClCompile>
    <ClCompile Include="..\..\src\VChronometer.cpp">
      <Filter>src</Filter>
    </ClCompile>
    <ClCompile Include="..\..\src\VColor.cpp">
      <Filter>src</Filter>
    </ClCompile>
    <ClCompile Include="..\..\src\VCombinations.cpp">
      <Filter>src</Filter>
    </ClCompile>
    <ClCompile Include="..\..\src\VDelaunay2d.cpp">
      <Filter>src</Filter>
    </ClCompile>
    <ClCompile Include="..\..\src\VectorSerializer.cpp">
      <Filter>src</Filter>
    </ClCompile>
    <ClCompile Include="..\..\src\VEllipse.cpp">
      <Filter>src</Filter>
    </ClCompile>
    <ClCompile Include="..\..\src\Vertex.cpp">
      <Filter>src</Filter>
    </ClCompile>
    <ClCompile Include="..\..\src\VException.cpp">
      <Filter>src</Filter>
    </ClCompile>
    <ClCompile Include="..\..\src\VFileDirectoryFunctions.cpp">
      <Filter>src</Filter>
    </ClCompile>
    <ClCompile Include="..\..\src\ViewingState.cpp">
      <Filter>src</Filter>
    </ClCompile>
    <ClCompile Include="..\..\src\ViewPointDefaults.cpp">
      <Filter>src</Filter>
    </ClCompile>
    <ClCompile Include="..\..\src\ViewPointItem.cpp">
      <Filter>src</Filter>
    </ClCompile>
    <ClCompile Include="..\..\src\ViewPointItemTypes.cpp">
      <Filter>src</Filter>
    </ClCompile>
    <ClCompile Include="..\..\src\ViewVolume.cpp">
      <Filter>src</Filter>
    </ClCompile>
    <ClCompile Include="..\..\src\vinterval.cpp">
      <Filter>src</Filter>
    </ClCompile>
    <ClCompile Include="..\..\src\VisallAttLoader.cpp">
      <Filter>src</Filter>
    </ClCompile>
    <ClCompile Include="..\..\src\VisualAttributes.cpp">
      <Filter>src</Filter>
    </ClCompile>
    <ClCompile Include="..\..\src\VLine.cpp">
      <Filter>src</Filter>
    </ClCompile>
    <ClCompile Include="..\..\src\VLine2d.cpp">
      <Filter>src</Filter>
    </ClCompile>
    <ClCompile Include="..\..\src\VLine2dE.cpp">
      <Filter>src</Filter>
    </ClCompile>
    <ClCompile Include="..\..\src\VMakeHull.cpp">
      <Filter>src</Filter>
    </ClCompile>
    <ClCompile Include="..\..\src\VNamedColor.cpp">
      <Filter>src</Filter>
    </ClCompile>
    <ClCompile Include="..\..\src\VNameServer.cpp">
      <Filter>src</Filter>
    </ClCompile>
    <ClCompile Include="..\..\src\VolBoxModel.cpp">
      <Filter>src</Filter>
    </ClCompile>
    <ClCompile Include="..\..\src\VolumeBox.cpp">
      <Filter>src</Filter>
    </ClCompile>
    <ClCompile Include="..\..\src\Voronoi.cpp">
      <Filter>src</Filter>
    </ClCompile>
    <ClCompile Include="..\..\src\VPlane.cpp">
      <Filter>src</Filter>
    </ClCompile>
    <ClCompile Include="..\..\src\VPoint.cpp">
      <Filter>src</Filter>
    </ClCompile>
    <ClCompile Include="..\..\src\VPoint2d.cpp">
      <Filter>src</Filter>
    </ClCompile>
    <ClCompile Include="..\..\src\VPointerArray.cpp">
      <Filter>src</Filter>
    </ClCompile>
    <ClCompile Include="..\..\src\VPointerArrayAllocator.cpp">
      <Filter>src</Filter>
    </ClCompile>
    <ClCompile Include="..\..\src\VPolygon.cpp">
      <Filter>src</Filter>
    </ClCompile>
    <ClCompile Include="..\..\src\VRand.cpp">
      <Filter>src</Filter>
    </ClCompile>
    <ClCompile Include="..\..\src\VRefTriangleMesh.cpp">
      <Filter>src</Filter>
    </ClCompile>
    <ClCompile Include="..\..\src\VRefTriangleMeshWriter.cpp">
      <Filter>src</Filter>
    </ClCompile>
    <ClCompile Include="..\..\src\VStr.cpp">
      <Filter>src</Filter>
    </ClCompile>
    <ClCompile Include="..\..\src\VStringTableTranslater.cpp">
      <Filter>src</Filter>
    </ClCompile>
    <ClCompile Include="..\..\src\VTest.cpp">
      <Filter>src</Filter>
    </ClCompile>
    <ClCompile Include="..\..\src\VTextLog.cpp">
      <Filter>src</Filter>
    </ClCompile>
    <ClCompile Include="..\..\src\VTime.cpp">
      <Filter>src</Filter>
    </ClCompile>
    <ClCompile Include="..\..\src\VTPointer.cpp">
      <Filter>src</Filter>
    </ClCompile>
    <ClCompile Include="..\..\src\VTransformable.cpp">
      <Filter>src</Filter>
    </ClCompile>
    <ClCompile Include="..\..\src\VTriangle.cpp">
      <Filter>src</Filter>
    </ClCompile>
    <ClCompile Include="..\..\src\VTriangle2d.cpp">
      <Filter>src</Filter>
    </ClCompile>
    <ClCompile Include="..\..\src\VTriangle2dE.cpp">
      <Filter>src</Filter>
    </ClCompile>
    <ClCompile Include="..\..\src\vtrianglee.cpp">
      <Filter>src</Filter>
    </ClCompile>
    <ClCompile Include="..\..\src\VTTextMap.cpp">
      <Filter>src</Filter>
    </ClCompile>
    <ClCompile Include="..\..\src\VUnit.cpp">
      <Filter>src</Filter>
    </ClCompile>
    <ClCompile Include="..\..\src\VVoxel.cpp">
      <Filter>src</Filter>
    </ClCompile>
    <ClCompile Include="..\..\src\VVoxelList.cpp">
      <Filter>src</Filter>
    </ClCompile>
    <ClCompile Include="..\..\src\BoxCollisionCheck.cpp">
      <Filter>src</Filter>
    </ClCompile>
    <ClCompile Include="..\..\src\CollPrimitiveFactory.cpp">
      <Filter>src</Filter>
    </ClCompile>
    <ClCompile Include="..\..\src\ImprovedTriangleContainerBox.cpp">
      <Filter>src</Filter>
    </ClCompile>
    <ClCompile Include="..\..\src\MultiWireCollCheck.cpp">
      <Filter>src</Filter>
    </ClCompile>
    <ClCompile Include="..\..\src\surfacecollchecker.cpp">
      <Filter>src</Filter>
    </ClCompile>
    <ClCompile Include="..\..\src\SweptCircleArcColl.cpp">
      <Filter>src</Filter>
    </ClCompile>
    <ClCompile Include="..\..\src\SweptCircleLineColl.cpp">
      <Filter>src</Filter>
    </ClCompile>
    <ClCompile Include="..\..\src\TriangleContainerBox.cpp">
      <Filter>src</Filter>
    </ClCompile>
    <ClCompile Include="..\..\src\TriangleSphereTouch.cpp">
      <Filter>src</Filter>
    </ClCompile>
    <ClCompile Include="..\..\src\VRefTriMeshCollCheck.cpp">
      <Filter>src</Filter>
    </ClCompile>
    <ClCompile Include="..\..\src\ZMap.cpp">
      <Filter>src</Filter>
    </ClCompile>
    <ClCompile Include="..\..\src\VDir.cpp">
      <Filter>src</Filter>
    </ClCompile>
    <ClCompile Include="..\..\src\VTrnFile.cpp">
      <Filter>src</Filter>
    </ClCompile>
    <ClCompile Include="..\..\src\VD.cpp">
      <Filter>src</Filter>
    </ClCompile>
    <ClCompile Include="..\..\src\VTranslatedData.cpp">
      <Filter>src</Filter>
    </ClCompile>
  </ItemGroup>
</Project>